// !$*UTF8*$!
{
	archiveVersion = 1;
	classes = {
	};
	objectVersion = 50;
	objects = {

/* Begin PBXBuildFile section */
		3A24821F25BEF65F00D5CF41 /* LogHandler.swift in Sources */ = {isa = PBXBuildFile; fileRef = 3A24821E25BEF65F00D5CF41 /* LogHandler.swift */; };
		3A24822725BEF6FC00D5CF41 /* Logger.swift in Sources */ = {isa = PBXBuildFile; fileRef = 3A24822625BEF6FC00D5CF41 /* Logger.swift */; };
		3A59891225C48EC300373FFA /* LoggerFrameworkLoggindProvider.swift in Sources */ = {isa = PBXBuildFile; fileRef = 3A59891125C48EC300373FFA /* LoggerFrameworkLoggindProvider.swift */; };
		3A59891525C48EF300373FFA /* LoggingProvider.swift in Sources */ = {isa = PBXBuildFile; fileRef = 3A59891425C48EF300373FFA /* LoggingProvider.swift */; };
		3A59891C25C4911A00373FFA /* OsLogLoggingProvider.swift in Sources */ = {isa = PBXBuildFile; fileRef = 3A59891B25C4911A00373FFA /* OsLogLoggingProvider.swift */; };
		3A59892B25C4932A00373FFA /* LoggingUtil_iOS.h in Headers */ = {isa = PBXBuildFile; fileRef = 3A59892925C4932A00373FFA /* LoggingUtil_iOS.h */; settings = {ATTRIBUTES = (Public, ); }; };
		3A59893525C4933900373FFA /* LogHandler.swift in Sources */ = {isa = PBXBuildFile; fileRef = 3A24821E25BEF65F00D5CF41 /* LogHandler.swift */; };
		3A59893625C4933900373FFA /* LoggingLevel.swift in Sources */ = {isa = PBXBuildFile; fileRef = 3A5BD53E25BC1E5600481A2B /* LoggingLevel.swift */; };
		3A59893725C4933900373FFA /* Logger.swift in Sources */ = {isa = PBXBuildFile; fileRef = 3A24822625BEF6FC00D5CF41 /* Logger.swift */; };
		3A59893825C4933900373FFA /* DefaultLogHandler.swift in Sources */ = {isa = PBXBuildFile; fileRef = 3A5BD54125BC1E9600481A2B /* DefaultLogHandler.swift */; };
		3A59893925C4933900373FFA /* LoggingProvider.swift in Sources */ = {isa = PBXBuildFile; fileRef = 3A59891425C48EF300373FFA /* LoggingProvider.swift */; };
		3A59893A25C4933900373FFA /* DefaultLogger.swift in Sources */ = {isa = PBXBuildFile; fileRef = 3A5BD53B25BC1E5000481A2B /* DefaultLogger.swift */; };
		3A59893B25C4933900373FFA /* LoggerFrameworkLoggindProvider.swift in Sources */ = {isa = PBXBuildFile; fileRef = 3A59891125C48EC300373FFA /* LoggerFrameworkLoggindProvider.swift */; };
		3A59893C25C4933900373FFA /* OsLogLoggingProvider.swift in Sources */ = {isa = PBXBuildFile; fileRef = 3A59891B25C4911A00373FFA /* OsLogLoggingProvider.swift */; };
		3A5BD53625BC1E4000481A2B /* LoggingUtil_macOS.h in Headers */ = {isa = PBXBuildFile; fileRef = 3A5BD53425BC1E4000481A2B /* LoggingUtil_macOS.h */; settings = {ATTRIBUTES = (Public, ); }; };
		3A5BD53C25BC1E5000481A2B /* DefaultLogger.swift in Sources */ = {isa = PBXBuildFile; fileRef = 3A5BD53B25BC1E5000481A2B /* DefaultLogger.swift */; };
		3A5BD53F25BC1E5600481A2B /* LoggingLevel.swift in Sources */ = {isa = PBXBuildFile; fileRef = 3A5BD53E25BC1E5600481A2B /* LoggingLevel.swift */; };
		3A5BD54225BC1E9600481A2B /* DefaultLogHandler.swift in Sources */ = {isa = PBXBuildFile; fileRef = 3A5BD54125BC1E9600481A2B /* DefaultLogHandler.swift */; };
/* End PBXBuildFile section */

/* Begin PBXFileReference section */
		3A24821E25BEF65F00D5CF41 /* LogHandler.swift */ = {isa = PBXFileReference; lastKnownFileType = sourcecode.swift; path = LogHandler.swift; sourceTree = "<group>"; };
		3A24822625BEF6FC00D5CF41 /* Logger.swift */ = {isa = PBXFileReference; lastKnownFileType = sourcecode.swift; path = Logger.swift; sourceTree = "<group>"; };
		3A59891125C48EC300373FFA /* LoggerFrameworkLoggindProvider.swift */ = {isa = PBXFileReference; lastKnownFileType = sourcecode.swift; path = LoggerFrameworkLoggindProvider.swift; sourceTree = "<group>"; };
		3A59891425C48EF300373FFA /* LoggingProvider.swift */ = {isa = PBXFileReference; lastKnownFileType = sourcecode.swift; path = LoggingProvider.swift; sourceTree = "<group>"; };
		3A59891B25C4911A00373FFA /* OsLogLoggingProvider.swift */ = {isa = PBXFileReference; lastKnownFileType = sourcecode.swift; path = OsLogLoggingProvider.swift; sourceTree = "<group>"; };
		3A59892725C4932A00373FFA /* LoggingUtil_iOS.framework */ = {isa = PBXFileReference; explicitFileType = wrapper.framework; includeInIndex = 0; path = LoggingUtil_iOS.framework; sourceTree = BUILT_PRODUCTS_DIR; };
		3A59892925C4932A00373FFA /* LoggingUtil_iOS.h */ = {isa = PBXFileReference; lastKnownFileType = sourcecode.c.h; path = LoggingUtil_iOS.h; sourceTree = "<group>"; };
		3A59892A25C4932A00373FFA /* Info.plist */ = {isa = PBXFileReference; lastKnownFileType = text.plist.xml; path = Info.plist; sourceTree = "<group>"; };
		3A5BD53125BC1E4000481A2B /* LoggingUtil_macOS.framework */ = {isa = PBXFileReference; explicitFileType = wrapper.framework; includeInIndex = 0; path = LoggingUtil_macOS.framework; sourceTree = BUILT_PRODUCTS_DIR; };
		3A5BD53425BC1E4000481A2B /* LoggingUtil_macOS.h */ = {isa = PBXFileReference; lastKnownFileType = sourcecode.c.h; path = LoggingUtil_macOS.h; sourceTree = "<group>"; };
		3A5BD53525BC1E4000481A2B /* Info.plist */ = {isa = PBXFileReference; lastKnownFileType = text.plist.xml; path = Info.plist; sourceTree = "<group>"; };
		3A5BD53B25BC1E5000481A2B /* DefaultLogger.swift */ = {isa = PBXFileReference; fileEncoding = 4; lastKnownFileType = sourcecode.swift; path = DefaultLogger.swift; sourceTree = "<group>"; };
		3A5BD53E25BC1E5600481A2B /* LoggingLevel.swift */ = {isa = PBXFileReference; lastKnownFileType = sourcecode.swift; path = LoggingLevel.swift; sourceTree = "<group>"; };
		3A5BD54125BC1E9600481A2B /* DefaultLogHandler.swift */ = {isa = PBXFileReference; lastKnownFileType = sourcecode.swift; path = DefaultLogHandler.swift; sourceTree = "<group>"; };
/* End PBXFileReference section */

/* Begin PBXFrameworksBuildPhase section */
		3A59892425C4932A00373FFA /* Frameworks */ = {
			isa = PBXFrameworksBuildPhase;
			buildActionMask = 2147483647;
			files = (
			);
			runOnlyForDeploymentPostprocessing = 0;
		};
		3A5BD52E25BC1E4000481A2B /* Frameworks */ = {
			isa = PBXFrameworksBuildPhase;
			buildActionMask = 2147483647;
			files = (
			);
			runOnlyForDeploymentPostprocessing = 0;
		};
/* End PBXFrameworksBuildPhase section */

/* Begin PBXGroup section */
		3A24821D25BEF65200D5CF41 /* Protocols */ = {
			isa = PBXGroup;
			children = (
				3A24822625BEF6FC00D5CF41 /* Logger.swift */,
				3A59891425C48EF300373FFA /* LoggingProvider.swift */,
				3A24821E25BEF65F00D5CF41 /* LogHandler.swift */,
			);
			path = Protocols;
			sourceTree = "<group>";
		};
		3A59891825C48F3700373FFA /* Implementation */ = {
			isa = PBXGroup;
			children = (
				3A5BD53B25BC1E5000481A2B /* DefaultLogger.swift */,
				3A5BD54125BC1E9600481A2B /* DefaultLogHandler.swift */,
			);
			path = Implementation;
			sourceTree = "<group>";
		};
		3A59892825C4932A00373FFA /* LoggingUtil-iOS */ = {
			isa = PBXGroup;
			children = (
				3A59892925C4932A00373FFA /* LoggingUtil_iOS.h */,
				3A59892A25C4932A00373FFA /* Info.plist */,
			);
			path = "LoggingUtil-iOS";
			sourceTree = "<group>";
		};
		3A5BD51D25BC1E1500481A2B = {
			isa = PBXGroup;
			children = (
				3A5BD52B25BC1E1E00481A2B /* Source */,
				3A5BD53325BC1E4000481A2B /* LoggingUtil-macOS */,
				3A59892825C4932A00373FFA /* LoggingUtil-iOS */,
				3A5BD53225BC1E4000481A2B /* Products */,
			);
			sourceTree = "<group>";
		};
		3A5BD52B25BC1E1E00481A2B /* Source */ = {
			isa = PBXGroup;
			children = (
				3A59891825C48F3700373FFA /* Implementation */,
				3AE0084125C8AC0700ED7A11 /* LoggingProviders */,
				3A24821D25BEF65200D5CF41 /* Protocols */,
				3A5BD53E25BC1E5600481A2B /* LoggingLevel.swift */,
			);
			path = Source;
			sourceTree = "<group>";
		};
		3A5BD53225BC1E4000481A2B /* Products */ = {
			isa = PBXGroup;
			children = (
				3A5BD53125BC1E4000481A2B /* LoggingUtil_macOS.framework */,
				3A59892725C4932A00373FFA /* LoggingUtil_iOS.framework */,
			);
			name = Products;
			sourceTree = "<group>";
		};
		3A5BD53325BC1E4000481A2B /* LoggingUtil-macOS */ = {
			isa = PBXGroup;
			children = (
				3A5BD53425BC1E4000481A2B /* LoggingUtil_macOS.h */,
				3A5BD53525BC1E4000481A2B /* Info.plist */,
			);
			path = "LoggingUtil-macOS";
			sourceTree = "<group>";
		};
		3AE0084125C8AC0700ED7A11 /* LoggingProviders */ = {
			isa = PBXGroup;
			children = (
				3A59891125C48EC300373FFA /* LoggerFrameworkLoggindProvider.swift */,
				3A59891B25C4911A00373FFA /* OsLogLoggingProvider.swift */,
			);
			path = LoggingProviders;
			sourceTree = "<group>";
		};
/* End PBXGroup section */

/* Begin PBXHeadersBuildPhase section */
		3A59892225C4932A00373FFA /* Headers */ = {
			isa = PBXHeadersBuildPhase;
			buildActionMask = 2147483647;
			files = (
				3A59892B25C4932A00373FFA /* LoggingUtil_iOS.h in Headers */,
			);
			runOnlyForDeploymentPostprocessing = 0;
		};
		3A5BD52C25BC1E4000481A2B /* Headers */ = {
			isa = PBXHeadersBuildPhase;
			buildActionMask = 2147483647;
			files = (
				3A5BD53625BC1E4000481A2B /* LoggingUtil_macOS.h in Headers */,
			);
			runOnlyForDeploymentPostprocessing = 0;
		};
/* End PBXHeadersBuildPhase section */

/* Begin PBXNativeTarget section */
		3A59892625C4932A00373FFA /* LoggingUtil-iOS */ = {
			isa = PBXNativeTarget;
			buildConfigurationList = 3A59892C25C4932A00373FFA /* Build configuration list for PBXNativeTarget "LoggingUtil-iOS" */;
			buildPhases = (
				3A59892225C4932A00373FFA /* Headers */,
				3A59892325C4932A00373FFA /* Sources */,
				3A59892425C4932A00373FFA /* Frameworks */,
				3A59892525C4932A00373FFA /* Resources */,
			);
			buildRules = (
			);
			dependencies = (
			);
			name = "LoggingUtil-iOS";
			productName = "LoggingUtil-iOS";
			productReference = 3A59892725C4932A00373FFA /* LoggingUtil_iOS.framework */;
			productType = "com.apple.product-type.framework";
		};
		3A5BD53025BC1E4000481A2B /* LoggingUtil-macOS */ = {
			isa = PBXNativeTarget;
			buildConfigurationList = 3A5BD53725BC1E4000481A2B /* Build configuration list for PBXNativeTarget "LoggingUtil-macOS" */;
			buildPhases = (
				3A5BD52C25BC1E4000481A2B /* Headers */,
				3A5BD52D25BC1E4000481A2B /* Sources */,
				3A5BD52E25BC1E4000481A2B /* Frameworks */,
				3A5BD52F25BC1E4000481A2B /* Resources */,
			);
			buildRules = (
			);
			dependencies = (
			);
			name = "LoggingUtil-macOS";
			productName = "LoggingUtil-macOS";
			productReference = 3A5BD53125BC1E4000481A2B /* LoggingUtil_macOS.framework */;
			productType = "com.apple.product-type.framework";
		};
/* End PBXNativeTarget section */

/* Begin PBXProject section */
		3A5BD51E25BC1E1500481A2B /* Project object */ = {
			isa = PBXProject;
			attributes = {
				LastUpgradeCheck = 1220;
				TargetAttributes = {
					3A59892625C4932A00373FFA = {
						CreatedOnToolsVersion = 12.2;
					};
					3A5BD53025BC1E4000481A2B = {
						CreatedOnToolsVersion = 12.2;
					};
				};
			};
			buildConfigurationList = 3A5BD52125BC1E1500481A2B /* Build configuration list for PBXProject "LoggingUtil" */;
			compatibilityVersion = "Xcode 9.3";
			developmentRegion = en;
			hasScannedForEncodings = 0;
			knownRegions = (
				en,
				Base,
			);
			mainGroup = 3A5BD51D25BC1E1500481A2B;
			productRefGroup = 3A5BD53225BC1E4000481A2B /* Products */;
			projectDirPath = "";
			projectRoot = "";
			targets = (
				3A5BD53025BC1E4000481A2B /* LoggingUtil-macOS */,
				3A59892625C4932A00373FFA /* LoggingUtil-iOS */,
			);
		};
/* End PBXProject section */

/* Begin PBXResourcesBuildPhase section */
		3A59892525C4932A00373FFA /* Resources */ = {
			isa = PBXResourcesBuildPhase;
			buildActionMask = 2147483647;
			files = (
			);
			runOnlyForDeploymentPostprocessing = 0;
		};
		3A5BD52F25BC1E4000481A2B /* Resources */ = {
			isa = PBXResourcesBuildPhase;
			buildActionMask = 2147483647;
			files = (
			);
			runOnlyForDeploymentPostprocessing = 0;
		};
/* End PBXResourcesBuildPhase section */

/* Begin PBXSourcesBuildPhase section */
		3A59892325C4932A00373FFA /* Sources */ = {
			isa = PBXSourcesBuildPhase;
			buildActionMask = 2147483647;
			files = (
				3A59893525C4933900373FFA /* LogHandler.swift in Sources */,
				3A59893B25C4933900373FFA /* LoggerFrameworkLoggindProvider.swift in Sources */,
				3A59893725C4933900373FFA /* Logger.swift in Sources */,
				3A59893C25C4933900373FFA /* OsLogLoggingProvider.swift in Sources */,
				3A59893925C4933900373FFA /* LoggingProvider.swift in Sources */,
				3A59893625C4933900373FFA /* LoggingLevel.swift in Sources */,
				3A59893825C4933900373FFA /* DefaultLogHandler.swift in Sources */,
				3A59893A25C4933900373FFA /* DefaultLogger.swift in Sources */,
			);
			runOnlyForDeploymentPostprocessing = 0;
		};
		3A5BD52D25BC1E4000481A2B /* Sources */ = {
			isa = PBXSourcesBuildPhase;
			buildActionMask = 2147483647;
			files = (
				3A59891225C48EC300373FFA /* LoggerFrameworkLoggindProvider.swift in Sources */,
				3A24822725BEF6FC00D5CF41 /* Logger.swift in Sources */,
				3A5BD54225BC1E9600481A2B /* DefaultLogHandler.swift in Sources */,
				3A59891C25C4911A00373FFA /* OsLogLoggingProvider.swift in Sources */,
				3A5BD53C25BC1E5000481A2B /* DefaultLogger.swift in Sources */,
				3A5BD53F25BC1E5600481A2B /* LoggingLevel.swift in Sources */,
				3A59891525C48EF300373FFA /* LoggingProvider.swift in Sources */,
				3A24821F25BEF65F00D5CF41 /* LogHandler.swift in Sources */,
			);
			runOnlyForDeploymentPostprocessing = 0;
		};
/* End PBXSourcesBuildPhase section */

/* Begin XCBuildConfiguration section */
		3A59892D25C4932A00373FFA /* Debug */ = {
			isa = XCBuildConfiguration;
			buildSettings = {
				ALWAYS_SEARCH_USER_PATHS = NO;
				CLANG_ANALYZER_NONNULL = YES;
				CLANG_ANALYZER_NUMBER_OBJECT_CONVERSION = YES_AGGRESSIVE;
				CLANG_CXX_LANGUAGE_STANDARD = "gnu++14";
				CLANG_CXX_LIBRARY = "libc++";
				CLANG_ENABLE_MODULES = YES;
				CLANG_ENABLE_OBJC_ARC = YES;
				CLANG_ENABLE_OBJC_WEAK = YES;
				CLANG_WARN_BLOCK_CAPTURE_AUTORELEASING = YES;
				CLANG_WARN_BOOL_CONVERSION = YES;
				CLANG_WARN_COMMA = YES;
				CLANG_WARN_CONSTANT_CONVERSION = YES;
				CLANG_WARN_DEPRECATED_OBJC_IMPLEMENTATIONS = YES;
				CLANG_WARN_DIRECT_OBJC_ISA_USAGE = YES_ERROR;
				CLANG_WARN_DOCUMENTATION_COMMENTS = YES;
				CLANG_WARN_EMPTY_BODY = YES;
				CLANG_WARN_ENUM_CONVERSION = YES;
				CLANG_WARN_INFINITE_RECURSION = YES;
				CLANG_WARN_INT_CONVERSION = YES;
				CLANG_WARN_NON_LITERAL_NULL_CONVERSION = YES;
				CLANG_WARN_OBJC_IMPLICIT_RETAIN_SELF = YES;
				CLANG_WARN_OBJC_LITERAL_CONVERSION = YES;
				CLANG_WARN_OBJC_ROOT_CLASS = YES_ERROR;
				CLANG_WARN_QUOTED_INCLUDE_IN_FRAMEWORK_HEADER = YES;
				CLANG_WARN_RANGE_LOOP_ANALYSIS = YES;
				CLANG_WARN_STRICT_PROTOTYPES = YES;
				CLANG_WARN_SUSPICIOUS_MOVE = YES;
				CLANG_WARN_UNGUARDED_AVAILABILITY = YES_AGGRESSIVE;
				CLANG_WARN_UNREACHABLE_CODE = YES;
				CLANG_WARN__DUPLICATE_METHOD_MATCH = YES;
				CODE_SIGN_STYLE = Automatic;
				COPY_PHASE_STRIP = NO;
				CURRENT_PROJECT_VERSION = 1;
				DEBUG_INFORMATION_FORMAT = dwarf;
				DEFINES_MODULE = YES;
				DEVELOPMENT_TEAM = 3HY2N64MXA;
				DYLIB_COMPATIBILITY_VERSION = 1;
				DYLIB_CURRENT_VERSION = 1;
				DYLIB_INSTALL_NAME_BASE = "@rpath";
				ENABLE_STRICT_OBJC_MSGSEND = YES;
				ENABLE_TESTABILITY = YES;
				GCC_C_LANGUAGE_STANDARD = gnu11;
				GCC_DYNAMIC_NO_PIC = NO;
				GCC_NO_COMMON_BLOCKS = YES;
				GCC_OPTIMIZATION_LEVEL = 0;
				GCC_PREPROCESSOR_DEFINITIONS = (
					"DEBUG=1",
					"$(inherited)",
				);
				GCC_WARN_64_TO_32_BIT_CONVERSION = YES;
				GCC_WARN_ABOUT_RETURN_TYPE = YES_ERROR;
				GCC_WARN_UNDECLARED_SELECTOR = YES;
				GCC_WARN_UNINITIALIZED_AUTOS = YES_AGGRESSIVE;
				GCC_WARN_UNUSED_FUNCTION = YES;
				GCC_WARN_UNUSED_VARIABLE = YES;
				INFOPLIST_FILE = "LoggingUtil-iOS/Info.plist";
				INSTALL_PATH = "$(LOCAL_LIBRARY_DIR)/Frameworks";
				IPHONEOS_DEPLOYMENT_TARGET = 14.0;
				LD_RUNPATH_SEARCH_PATHS = (
					"$(inherited)",
					"@executable_path/Frameworks",
					"@loader_path/Frameworks",
				);
				MTL_ENABLE_DEBUG_INFO = INCLUDE_SOURCE;
				MTL_FAST_MATH = YES;
				ONLY_ACTIVE_ARCH = YES;
				PRODUCT_BUNDLE_IDENTIFIER = "AO.LoggingUtil-iOS";
				PRODUCT_NAME = "$(TARGET_NAME:c99extidentifier)";
				SDKROOT = iphoneos;
				SKIP_INSTALL = YES;
				SUPPORTS_MACCATALYST = NO;
				SWIFT_ACTIVE_COMPILATION_CONDITIONS = DEBUG;
				SWIFT_OPTIMIZATION_LEVEL = "-Onone";
				SWIFT_VERSION = 5.0;
				TARGETED_DEVICE_FAMILY = 1;
				VERSIONING_SYSTEM = "apple-generic";
				VERSION_INFO_PREFIX = "";
			};
			name = Debug;
		};
		3A59892E25C4932A00373FFA /* Release */ = {
			isa = XCBuildConfiguration;
			buildSettings = {
				ALWAYS_SEARCH_USER_PATHS = NO;
				CLANG_ANALYZER_NONNULL = YES;
				CLANG_ANALYZER_NUMBER_OBJECT_CONVERSION = YES_AGGRESSIVE;
				CLANG_CXX_LANGUAGE_STANDARD = "gnu++14";
				CLANG_CXX_LIBRARY = "libc++";
				CLANG_ENABLE_MODULES = YES;
				CLANG_ENABLE_OBJC_ARC = YES;
				CLANG_ENABLE_OBJC_WEAK = YES;
				CLANG_WARN_BLOCK_CAPTURE_AUTORELEASING = YES;
				CLANG_WARN_BOOL_CONVERSION = YES;
				CLANG_WARN_COMMA = YES;
				CLANG_WARN_CONSTANT_CONVERSION = YES;
				CLANG_WARN_DEPRECATED_OBJC_IMPLEMENTATIONS = YES;
				CLANG_WARN_DIRECT_OBJC_ISA_USAGE = YES_ERROR;
				CLANG_WARN_DOCUMENTATION_COMMENTS = YES;
				CLANG_WARN_EMPTY_BODY = YES;
				CLANG_WARN_ENUM_CONVERSION = YES;
				CLANG_WARN_INFINITE_RECURSION = YES;
				CLANG_WARN_INT_CONVERSION = YES;
				CLANG_WARN_NON_LITERAL_NULL_CONVERSION = YES;
				CLANG_WARN_OBJC_IMPLICIT_RETAIN_SELF = YES;
				CLANG_WARN_OBJC_LITERAL_CONVERSION = YES;
				CLANG_WARN_OBJC_ROOT_CLASS = YES_ERROR;
				CLANG_WARN_QUOTED_INCLUDE_IN_FRAMEWORK_HEADER = YES;
				CLANG_WARN_RANGE_LOOP_ANALYSIS = YES;
				CLANG_WARN_STRICT_PROTOTYPES = YES;
				CLANG_WARN_SUSPICIOUS_MOVE = YES;
				CLANG_WARN_UNGUARDED_AVAILABILITY = YES_AGGRESSIVE;
				CLANG_WARN_UNREACHABLE_CODE = YES;
				CLANG_WARN__DUPLICATE_METHOD_MATCH = YES;
				CODE_SIGN_STYLE = Automatic;
				COPY_PHASE_STRIP = NO;
				CURRENT_PROJECT_VERSION = 1;
				DEBUG_INFORMATION_FORMAT = "dwarf-with-dsym";
				DEFINES_MODULE = YES;
				DEVELOPMENT_TEAM = 3HY2N64MXA;
				DYLIB_COMPATIBILITY_VERSION = 1;
				DYLIB_CURRENT_VERSION = 1;
				DYLIB_INSTALL_NAME_BASE = "@rpath";
				ENABLE_NS_ASSERTIONS = NO;
				ENABLE_STRICT_OBJC_MSGSEND = YES;
				GCC_C_LANGUAGE_STANDARD = gnu11;
				GCC_NO_COMMON_BLOCKS = YES;
				GCC_WARN_64_TO_32_BIT_CONVERSION = YES;
				GCC_WARN_ABOUT_RETURN_TYPE = YES_ERROR;
				GCC_WARN_UNDECLARED_SELECTOR = YES;
				GCC_WARN_UNINITIALIZED_AUTOS = YES_AGGRESSIVE;
				GCC_WARN_UNUSED_FUNCTION = YES;
				GCC_WARN_UNUSED_VARIABLE = YES;
				INFOPLIST_FILE = "LoggingUtil-iOS/Info.plist";
				INSTALL_PATH = "$(LOCAL_LIBRARY_DIR)/Frameworks";
				IPHONEOS_DEPLOYMENT_TARGET = 14.0;
				LD_RUNPATH_SEARCH_PATHS = (
					"$(inherited)",
					"@executable_path/Frameworks",
					"@loader_path/Frameworks",
				);
				MTL_ENABLE_DEBUG_INFO = NO;
				MTL_FAST_MATH = YES;
				PRODUCT_BUNDLE_IDENTIFIER = "AO.LoggingUtil-iOS";
				PRODUCT_NAME = "$(TARGET_NAME:c99extidentifier)";
				SDKROOT = iphoneos;
				SKIP_INSTALL = YES;
				SUPPORTS_MACCATALYST = NO;
				SWIFT_COMPILATION_MODE = wholemodule;
				SWIFT_OPTIMIZATION_LEVEL = "-O";
				SWIFT_VERSION = 5.0;
				TARGETED_DEVICE_FAMILY = 1;
				VALIDATE_PRODUCT = YES;
				VERSIONING_SYSTEM = "apple-generic";
				VERSION_INFO_PREFIX = "";
			};
			name = Release;
		};
		3A5BD52225BC1E1500481A2B /* Debug */ = {
			isa = XCBuildConfiguration;
			buildSettings = {
			};
			name = Debug;
		};
		3A5BD52325BC1E1500481A2B /* Release */ = {
			isa = XCBuildConfiguration;
			buildSettings = {
			};
			name = Release;
		};
		3A5BD53825BC1E4000481A2B /* Debug */ = {
			isa = XCBuildConfiguration;
			buildSettings = {
				ALWAYS_SEARCH_USER_PATHS = NO;
				CLANG_ANALYZER_NONNULL = YES;
				CLANG_ANALYZER_NUMBER_OBJECT_CONVERSION = YES_AGGRESSIVE;
				CLANG_CXX_LANGUAGE_STANDARD = "gnu++14";
				CLANG_CXX_LIBRARY = "libc++";
				CLANG_ENABLE_MODULES = YES;
				CLANG_ENABLE_OBJC_ARC = YES;
				CLANG_ENABLE_OBJC_WEAK = YES;
				CLANG_WARN_BLOCK_CAPTURE_AUTORELEASING = YES;
				CLANG_WARN_BOOL_CONVERSION = YES;
				CLANG_WARN_COMMA = YES;
				CLANG_WARN_CONSTANT_CONVERSION = YES;
				CLANG_WARN_DEPRECATED_OBJC_IMPLEMENTATIONS = YES;
				CLANG_WARN_DIRECT_OBJC_ISA_USAGE = YES_ERROR;
				CLANG_WARN_DOCUMENTATION_COMMENTS = YES;
				CLANG_WARN_EMPTY_BODY = YES;
				CLANG_WARN_ENUM_CONVERSION = YES;
				CLANG_WARN_INFINITE_RECURSION = YES;
				CLANG_WARN_INT_CONVERSION = YES;
				CLANG_WARN_NON_LITERAL_NULL_CONVERSION = YES;
				CLANG_WARN_OBJC_IMPLICIT_RETAIN_SELF = YES;
				CLANG_WARN_OBJC_LITERAL_CONVERSION = YES;
				CLANG_WARN_OBJC_ROOT_CLASS = YES_ERROR;
				CLANG_WARN_QUOTED_INCLUDE_IN_FRAMEWORK_HEADER = YES;
				CLANG_WARN_RANGE_LOOP_ANALYSIS = YES;
				CLANG_WARN_STRICT_PROTOTYPES = YES;
				CLANG_WARN_SUSPICIOUS_MOVE = YES;
				CLANG_WARN_UNGUARDED_AVAILABILITY = YES_AGGRESSIVE;
				CLANG_WARN_UNREACHABLE_CODE = YES;
				CLANG_WARN__DUPLICATE_METHOD_MATCH = YES;
				CODE_SIGN_STYLE = Automatic;
				COMBINE_HIDPI_IMAGES = YES;
				COPY_PHASE_STRIP = NO;
				CURRENT_PROJECT_VERSION = 1;
				DEBUG_INFORMATION_FORMAT = dwarf;
				DEFINES_MODULE = YES;
				DEVELOPMENT_TEAM = 3HY2N64MXA;
				DYLIB_COMPATIBILITY_VERSION = 1;
				DYLIB_CURRENT_VERSION = 1;
				DYLIB_INSTALL_NAME_BASE = "@rpath";
				ENABLE_STRICT_OBJC_MSGSEND = YES;
				ENABLE_TESTABILITY = YES;
				GCC_C_LANGUAGE_STANDARD = gnu11;
				GCC_DYNAMIC_NO_PIC = NO;
				GCC_NO_COMMON_BLOCKS = YES;
				GCC_OPTIMIZATION_LEVEL = 0;
				GCC_PREPROCESSOR_DEFINITIONS = (
					"DEBUG=1",
					"$(inherited)",
				);
				GCC_WARN_64_TO_32_BIT_CONVERSION = YES;
				GCC_WARN_ABOUT_RETURN_TYPE = YES_ERROR;
				GCC_WARN_UNDECLARED_SELECTOR = YES;
				GCC_WARN_UNINITIALIZED_AUTOS = YES_AGGRESSIVE;
				GCC_WARN_UNUSED_FUNCTION = YES;
				GCC_WARN_UNUSED_VARIABLE = YES;
				INFOPLIST_FILE = "LoggingUtil-macOS/Info.plist";
				INSTALL_PATH = "$(LOCAL_LIBRARY_DIR)/Frameworks";
				LD_RUNPATH_SEARCH_PATHS = (
					"$(inherited)",
					"@executable_path/../Frameworks",
					"@loader_path/Frameworks",
				);
				MACOSX_DEPLOYMENT_TARGET = 11.0;
				MTL_ENABLE_DEBUG_INFO = INCLUDE_SOURCE;
				MTL_FAST_MATH = YES;
				ONLY_ACTIVE_ARCH = YES;
				PRODUCT_BUNDLE_IDENTIFIER = "AO.LoggingUtil-macOS";
				PRODUCT_NAME = "$(TARGET_NAME:c99extidentifier)";
				SDKROOT = macosx;
				SKIP_INSTALL = YES;
				SWIFT_ACTIVE_COMPILATION_CONDITIONS = DEBUG;
				SWIFT_OPTIMIZATION_LEVEL = "-Onone";
				SWIFT_VERSION = 5.0;
				VERSIONING_SYSTEM = "apple-generic";
				VERSION_INFO_PREFIX = "";
			};
			name = Debug;
		};
		3A5BD53925BC1E4000481A2B /* Release */ = {
			isa = XCBuildConfiguration;
			buildSettings = {
				ALWAYS_SEARCH_USER_PATHS = NO;
				CLANG_ANALYZER_NONNULL = YES;
				CLANG_ANALYZER_NUMBER_OBJECT_CONVERSION = YES_AGGRESSIVE;
				CLANG_CXX_LANGUAGE_STANDARD = "gnu++14";
				CLANG_CXX_LIBRARY = "libc++";
				CLANG_ENABLE_MODULES = YES;
				CLANG_ENABLE_OBJC_ARC = YES;
				CLANG_ENABLE_OBJC_WEAK = YES;
				CLANG_WARN_BLOCK_CAPTURE_AUTORELEASING = YES;
				CLANG_WARN_BOOL_CONVERSION = YES;
				CLANG_WARN_COMMA = YES;
				CLANG_WARN_CONSTANT_CONVERSION = YES;
				CLANG_WARN_DEPRECATED_OBJC_IMPLEMENTATIONS = YES;
				CLANG_WARN_DIRECT_OBJC_ISA_USAGE = YES_ERROR;
				CLANG_WARN_DOCUMENTATION_COMMENTS = YES;
				CLANG_WARN_EMPTY_BODY = YES;
				CLANG_WARN_ENUM_CONVERSION = YES;
				CLANG_WARN_INFINITE_RECURSION = YES;
				CLANG_WARN_INT_CONVERSION = YES;
				CLANG_WARN_NON_LITERAL_NULL_CONVERSION = YES;
				CLANG_WARN_OBJC_IMPLICIT_RETAIN_SELF = YES;
				CLANG_WARN_OBJC_LITERAL_CONVERSION = YES;
				CLANG_WARN_OBJC_ROOT_CLASS = YES_ERROR;
				CLANG_WARN_QUOTED_INCLUDE_IN_FRAMEWORK_HEADER = YES;
				CLANG_WARN_RANGE_LOOP_ANALYSIS = YES;
				CLANG_WARN_STRICT_PROTOTYPES = YES;
				CLANG_WARN_SUSPICIOUS_MOVE = YES;
				CLANG_WARN_UNGUARDED_AVAILABILITY = YES_AGGRESSIVE;
				CLANG_WARN_UNREACHABLE_CODE = YES;
				CLANG_WARN__DUPLICATE_METHOD_MATCH = YES;
				CODE_SIGN_STYLE = Automatic;
				COMBINE_HIDPI_IMAGES = YES;
				COPY_PHASE_STRIP = NO;
				CURRENT_PROJECT_VERSION = 1;
				DEBUG_INFORMATION_FORMAT = "dwarf-with-dsym";
				DEFINES_MODULE = YES;
				DEVELOPMENT_TEAM = 3HY2N64MXA;
				DYLIB_COMPATIBILITY_VERSION = 1;
				DYLIB_CURRENT_VERSION = 1;
				DYLIB_INSTALL_NAME_BASE = "@rpath";
				ENABLE_NS_ASSERTIONS = NO;
				ENABLE_STRICT_OBJC_MSGSEND = YES;
				GCC_C_LANGUAGE_STANDARD = gnu11;
				GCC_NO_COMMON_BLOCKS = YES;
				GCC_WARN_64_TO_32_BIT_CONVERSION = YES;
				GCC_WARN_ABOUT_RETURN_TYPE = YES_ERROR;
				GCC_WARN_UNDECLARED_SELECTOR = YES;
				GCC_WARN_UNINITIALIZED_AUTOS = YES_AGGRESSIVE;
				GCC_WARN_UNUSED_FUNCTION = YES;
				GCC_WARN_UNUSED_VARIABLE = YES;
				INFOPLIST_FILE = "LoggingUtil-macOS/Info.plist";
				INSTALL_PATH = "$(LOCAL_LIBRARY_DIR)/Frameworks";
				LD_RUNPATH_SEARCH_PATHS = (
					"$(inherited)",
					"@executable_path/../Frameworks",
					"@loader_path/Frameworks",
				);
				MACOSX_DEPLOYMENT_TARGET = 11.0;
				MTL_ENABLE_DEBUG_INFO = NO;
				MTL_FAST_MATH = YES;
				PRODUCT_BUNDLE_IDENTIFIER = "AO.LoggingUtil-macOS";
				PRODUCT_NAME = "$(TARGET_NAME:c99extidentifier)";
				SDKROOT = macosx;
				SKIP_INSTALL = YES;
				SWIFT_COMPILATION_MODE = wholemodule;
				SWIFT_OPTIMIZATION_LEVEL = "-O";
				SWIFT_VERSION = 5.0;
				VERSIONING_SYSTEM = "apple-generic";
				VERSION_INFO_PREFIX = "";
			};
			name = Release;
		};
/* End XCBuildConfiguration section */

/* Begin XCConfigurationList section */
		3A59892C25C4932A00373FFA /* Build configuration list for PBXNativeTarget "LoggingUtil-iOS" */ = {
			isa = XCConfigurationList;
			buildConfigurations = (
				3A59892D25C4932A00373FFA /* Debug */,
				3A59892E25C4932A00373FFA /* Release */,
			);
			defaultConfigurationIsVisible = 0;
			defaultConfigurationName = Release;
		};
		3A5BD52125BC1E1500481A2B /* Build configuration list for PBXProject "LoggingUtil" */ = {
			isa = XCConfigurationList;
			buildConfigurations = (
				3A5BD52225BC1E1500481A2B /* Debug */,
				3A5BD52325BC1E1500481A2B /* Release */,
			);
			defaultConfigurationIsVisible = 0;
			defaultConfigurationName = Release;
		};
		3A5BD53725BC1E4000481A2B /* Build configuration list for PBXNativeTarget "LoggingUtil-macOS" */ = {
			isa = XCConfigurationList;
			buildConfigurations = (
				3A5BD53825BC1E4000481A2B /* Debug */,
				3A5BD53925BC1E4000481A2B /* Release */,
			);
			defaultConfigurationIsVisible = 0;
			defaultConfigurationName = Release;
		};
/* End XCConfigurationList section */
	};
	rootObject = 3A5BD51E25BC1E1500481A2B /* Project object */;
}
