// !$*UTF8*$!
{
	archiveVersion = 1;
	classes = {
	};
	objectVersion = 50;
	objects = {

/* Begin PBXBuildFile section */
		3A949B28245462BD007E7928 /* main.swift in Sources */ = {isa = PBXBuildFile; fileRef = 3A949B27245462BD007E7928 /* main.swift */; };
/* End PBXBuildFile section */

/* Begin PBXContainerItemProxy section */
		3A5BD55125BC1FB700481A2B /* PBXContainerItemProxy */ = {
			isa = PBXContainerItemProxy;
			containerPortal = 3A949AE12454621D007E7928 /* Sketches.xcodeproj */;
			proxyType = 2;
			remoteGlobalIDString = 3A1AA04C25A762F9005FEF1F;
			remoteInfo = SketchesTestground;
		};
		3A7A7828271E0243009123F7 /* PBXContainerItemProxy */ = {
			isa = PBXContainerItemProxy;
			containerPortal = 3A949AE12454621D007E7928 /* Sketches.xcodeproj */;
			proxyType = 2;
			remoteGlobalIDString = 3A0D041827188E4100D9474A;
			remoteInfo = ExponentialGrowth;
		};
		3A7A782A271E0243009123F7 /* PBXContainerItemProxy */ = {
			isa = PBXContainerItemProxy;
			containerPortal = 3A949AE12454621D007E7928 /* Sketches.xcodeproj */;
			proxyType = 2;
			remoteGlobalIDString = 3A0D042D2718E0D000D9474A;
			remoteInfo = ValueProcessing;
		};
		3A7A7860271E02B8009123F7 /* PBXContainerItemProxy */ = {
			isa = PBXContainerItemProxy;
			containerPortal = 3A7A785C271E02B8009123F7 /* UIKitExtensions.xcodeproj */;
			proxyType = 2;
			remoteGlobalIDString = 3A46521B260F9FDC0031FAD9;
			remoteInfo = UIKitExtensions;
		};
		3A7A787A271E0512009123F7 /* PBXContainerItemProxy */ = {
			isa = PBXContainerItemProxy;
			containerPortal = 3A7A7822271E0242009123F7 /* CombineExtensions.xcodeproj */;
			proxyType = 2;
			remoteGlobalIDString = 3A7A7866271E032C009123F7;
			remoteInfo = CombineExtensionsTestground;
		};
		3A7A7971271E113D009123F7 /* PBXContainerItemProxy */ = {
			isa = PBXContainerItemProxy;
			containerPortal = 3A7A7942271E113D009123F7 /* KeychainUtil.xcodeproj */;
			proxyType = 2;
			remoteGlobalIDString = 3A211E51257E38060017229F;
			remoteInfo = KeychainUtilTestground;
		};
		3A7A7973271E113D009123F7 /* PBXContainerItemProxy */ = {
			isa = PBXContainerItemProxy;
			containerPortal = 3A7A7942271E113D009123F7 /* KeychainUtil.xcodeproj */;
			proxyType = 2;
			remoteGlobalIDString = 3A0ADFAB25CAA52A001EEC70;
			remoteInfo = KeychainUtil;
		};
/* End PBXContainerItemProxy section */

/* Begin PBXCopyFilesBuildPhase section */
		3A949B22245462BD007E7928 /* CopyFiles */ = {
			isa = PBXCopyFilesBuildPhase;
			buildActionMask = 2147483647;
			dstPath = /usr/share/man/man1/;
			dstSubfolderSpec = 0;
			files = (
			);
			runOnlyForDeploymentPostprocessing = 1;
		};
		3A949BFA245467E0007E7928 /* Embed Frameworks */ = {
			isa = PBXCopyFilesBuildPhase;
			buildActionMask = 2147483647;
			dstPath = "";
			dstSubfolderSpec = 10;
			files = (
			);
			name = "Embed Frameworks";
			runOnlyForDeploymentPostprocessing = 0;
		};
/* End PBXCopyFilesBuildPhase section */

/* Begin PBXFileReference section */
		3A7A7822271E0242009123F7 /* CombineExtensions.xcodeproj */ = {isa = PBXFileReference; lastKnownFileType = "wrapper.pb-project"; name = CombineExtensions.xcodeproj; path = CombineExtensions/CombineExtensions.xcodeproj; sourceTree = "<group>"; };
		3A7A7859271E02AF009123F7 /* SwiftUIExtensions.xcodeproj */ = {isa = PBXFileReference; lastKnownFileType = "wrapper.pb-project"; name = SwiftUIExtensions.xcodeproj; path = SwiftUIExtensions/SwiftUIExtensions.xcodeproj; sourceTree = "<group>"; };
		3A7A785C271E02B8009123F7 /* UIKitExtensions.xcodeproj */ = {isa = PBXFileReference; lastKnownFileType = "wrapper.pb-project"; name = UIKitExtensions.xcodeproj; path = UIKitExtensions/UIKitExtensions.xcodeproj; sourceTree = "<group>"; };
		3A7A7881271E113C009123F7 /* Utils.xcodeproj */ = {isa = PBXFileReference; lastKnownFileType = "wrapper.pb-project"; path = Utils.xcodeproj; sourceTree = "<group>"; };
		3A7A7887271E113C009123F7 /* LinuxMain.swift */ = {isa = PBXFileReference; lastKnownFileType = sourcecode.swift; path = LinuxMain.swift; sourceTree = "<group>"; };
		3A7A7889271E113C009123F7 /* UserDefaultsUtilTests.swift */ = {isa = PBXFileReference; lastKnownFileType = sourcecode.swift; path = UserDefaultsUtilTests.swift; sourceTree = "<group>"; };
		3A7A788A271E113C009123F7 /* XCTestManifests.swift */ = {isa = PBXFileReference; lastKnownFileType = sourcecode.swift; path = XCTestManifests.swift; sourceTree = "<group>"; };
		3A7A788B271E113C009123F7 /* README.md */ = {isa = PBXFileReference; lastKnownFileType = net.daringfireball.markdown; path = README.md; sourceTree = "<group>"; };
		3A7A788C271E113C009123F7 /* .gitignore */ = {isa = PBXFileReference; lastKnownFileType = text; path = .gitignore; sourceTree = "<group>"; };
		3A7A788D271E113C009123F7 /* Package.swift */ = {isa = PBXFileReference; lastKnownFileType = sourcecode.swift; path = Package.swift; sourceTree = "<group>"; };
		3A7A7891271E113C009123F7 /* StandardStorage.swift */ = {isa = PBXFileReference; lastKnownFileType = sourcecode.swift; path = StandardStorage.swift; sourceTree = "<group>"; };
		3A7A7892271E113C009123F7 /* StandardStorage.Error.swift */ = {isa = PBXFileReference; lastKnownFileType = sourcecode.swift; path = StandardStorage.Error.swift; sourceTree = "<group>"; };
		3A7A7893271E113C009123F7 /* StandardStorage.Coder.swift */ = {isa = PBXFileReference; lastKnownFileType = sourcecode.swift; path = StandardStorage.Coder.swift; sourceTree = "<group>"; };
		3A7A7894271E113C009123F7 /* DefaultInstances.swift */ = {isa = PBXFileReference; lastKnownFileType = sourcecode.swift; path = DefaultInstances.swift; sourceTree = "<group>"; };
		3A7A7895271E113C009123F7 /* Info.swift */ = {isa = PBXFileReference; lastKnownFileType = sourcecode.swift; path = Info.swift; sourceTree = "<group>"; };
		3A7A7897271E113C009123F7 /* Item.swift */ = {isa = PBXFileReference; lastKnownFileType = sourcecode.swift; path = Item.swift; sourceTree = "<group>"; };
		3A7A7898271E113C009123F7 /* ParametrizableItem.swift */ = {isa = PBXFileReference; lastKnownFileType = sourcecode.swift; path = ParametrizableItem.swift; sourceTree = "<group>"; };
		3A7A7899271E113C009123F7 /* ParametrizableDefaultableItem.swift */ = {isa = PBXFileReference; lastKnownFileType = sourcecode.swift; path = ParametrizableDefaultableItem.swift; sourceTree = "<group>"; };
		3A7A789A271E113C009123F7 /* DefautableItem.swift */ = {isa = PBXFileReference; lastKnownFileType = sourcecode.swift; path = DefautableItem.swift; sourceTree = "<group>"; };
		3A7A789C271E113C009123F7 /* Storage.swift */ = {isa = PBXFileReference; lastKnownFileType = sourcecode.swift; path = Storage.swift; sourceTree = "<group>"; };
		3A7A789D271E113C009123F7 /* KeyPostfixProvider.swift */ = {isa = PBXFileReference; lastKnownFileType = sourcecode.swift; path = KeyPostfixProvider.swift; sourceTree = "<group>"; };
		3A7A789E271E113C009123F7 /* UserDefaultsUtilError.swift */ = {isa = PBXFileReference; lastKnownFileType = sourcecode.swift; path = UserDefaultsUtilError.swift; sourceTree = "<group>"; };
		3A7A78A0271E113C009123F7 /* IdentificationInfo.swift */ = {isa = PBXFileReference; lastKnownFileType = sourcecode.swift; path = IdentificationInfo.swift; sourceTree = "<group>"; };
		3A7A78A1271E113C009123F7 /* LabelBuilder.swift */ = {isa = PBXFileReference; lastKnownFileType = sourcecode.swift; path = LabelBuilder.swift; sourceTree = "<group>"; };
		3A7A78A2271E113C009123F7 /* KeyBuilder.swift */ = {isa = PBXFileReference; lastKnownFileType = sourcecode.swift; path = KeyBuilder.swift; sourceTree = "<group>"; };
		3A7A78A4271E113C009123F7 /* LogHandler.swift */ = {isa = PBXFileReference; lastKnownFileType = sourcecode.swift; path = LogHandler.swift; sourceTree = "<group>"; };
		3A7A78A5271E113C009123F7 /* Logger.swift */ = {isa = PBXFileReference; lastKnownFileType = sourcecode.swift; path = Logger.swift; sourceTree = "<group>"; };
		3A7A78A6271E113C009123F7 /* LogRecord.swift */ = {isa = PBXFileReference; lastKnownFileType = sourcecode.swift; path = LogRecord.swift; sourceTree = "<group>"; };
		3A7A78A8271E113C009123F7 /* SingleLineConverter.swift */ = {isa = PBXFileReference; lastKnownFileType = sourcecode.swift; path = SingleLineConverter.swift; sourceTree = "<group>"; };
		3A7A78A9271E113C009123F7 /* LogRecordStringConverter.swift */ = {isa = PBXFileReference; lastKnownFileType = sourcecode.swift; path = LogRecordStringConverter.swift; sourceTree = "<group>"; };
		3A7A78AC271E113C009123F7 /* package.xcworkspace */ = {isa = PBXFileReference; lastKnownFileType = wrapper.workspace; path = package.xcworkspace; sourceTree = "<group>"; };
		3A7A78B0271E113C009123F7 /* xcschememanagement.plist */ = {isa = PBXFileReference; lastKnownFileType = text.plist.xml; path = xcschememanagement.plist; sourceTree = "<group>"; };
		3A7A78B3271E113D009123F7 /* UserDefaultsUtil.xcscheme */ = {isa = PBXFileReference; lastKnownFileType = text.xml; path = UserDefaultsUtil.xcscheme; sourceTree = "<group>"; };
		3A7A78B6271E113D009123F7 /* LinuxMain.swift */ = {isa = PBXFileReference; lastKnownFileType = sourcecode.swift; path = LinuxMain.swift; sourceTree = "<group>"; };
		3A7A78B8271E113D009123F7 /* BaseNetworkUtilTests.swift */ = {isa = PBXFileReference; lastKnownFileType = sourcecode.swift; path = BaseNetworkUtilTests.swift; sourceTree = "<group>"; };
		3A7A78B9271E113D009123F7 /* XCTestManifests.swift */ = {isa = PBXFileReference; lastKnownFileType = sourcecode.swift; path = XCTestManifests.swift; sourceTree = "<group>"; };
		3A7A78BA271E113D009123F7 /* README.md */ = {isa = PBXFileReference; lastKnownFileType = net.daringfireball.markdown; path = README.md; sourceTree = "<group>"; };
		3A7A78BB271E113D009123F7 /* .gitignore */ = {isa = PBXFileReference; lastKnownFileType = text; path = .gitignore; sourceTree = "<group>"; };
		3A7A78BC271E113D009123F7 /* Package.swift */ = {isa = PBXFileReference; lastKnownFileType = sourcecode.swift; path = Package.swift; sourceTree = "<group>"; };
		3A7A78BF271E113D009123F7 /* URLRequest.swift */ = {isa = PBXFileReference; lastKnownFileType = sourcecode.swift; path = URLRequest.swift; sourceTree = "<group>"; };
		3A7A78C0271E113D009123F7 /* Info.swift */ = {isa = PBXFileReference; lastKnownFileType = sourcecode.swift; path = Info.swift; sourceTree = "<group>"; };
		3A7A78C2271E113D009123F7 /* Serial.swift */ = {isa = PBXFileReference; lastKnownFileType = sourcecode.swift; path = Serial.swift; sourceTree = "<group>"; };
		3A7A78C3271E113D009123F7 /* NetworkController.swift */ = {isa = PBXFileReference; lastKnownFileType = sourcecode.swift; path = NetworkController.swift; sourceTree = "<group>"; };
		3A7A78C4271E113D009123F7 /* NetworkController.Error.swift */ = {isa = PBXFileReference; lastKnownFileType = sourcecode.swift; path = NetworkController.Error.swift; sourceTree = "<group>"; };
		3A7A78C7271E113D009123F7 /* RequestInfoStringConverter.swift */ = {isa = PBXFileReference; lastKnownFileType = sourcecode.swift; path = RequestInfoStringConverter.swift; sourceTree = "<group>"; };
		3A7A78C8271E113D009123F7 /* StandardRequestInfoStringConverter.swift */ = {isa = PBXFileReference; lastKnownFileType = sourcecode.swift; path = StandardRequestInfoStringConverter.swift; sourceTree = "<group>"; };
		3A7A78C9271E113D009123F7 /* Logger.swift */ = {isa = PBXFileReference; lastKnownFileType = sourcecode.swift; path = Logger.swift; sourceTree = "<group>"; };
		3A7A78CA271E113D009123F7 /* BaseDetails.swift */ = {isa = PBXFileReference; lastKnownFileType = sourcecode.swift; path = BaseDetails.swift; sourceTree = "<group>"; };
		3A7A78CC271E113D009123F7 /* StandardControllerErrorStringConverter.swift */ = {isa = PBXFileReference; lastKnownFileType = sourcecode.swift; path = StandardControllerErrorStringConverter.swift; sourceTree = "<group>"; };
		3A7A78CD271E113D009123F7 /* ControllerErrorStringConverter.swift */ = {isa = PBXFileReference; lastKnownFileType = sourcecode.swift; path = ControllerErrorStringConverter.swift; sourceTree = "<group>"; };
		3A7A78CE271E113D009123F7 /* LogRecord.swift */ = {isa = PBXFileReference; lastKnownFileType = sourcecode.swift; path = LogRecord.swift; sourceTree = "<group>"; };
		3A7A78CF271E113D009123F7 /* NetworkControllerLogHandler.swift */ = {isa = PBXFileReference; lastKnownFileType = sourcecode.swift; path = NetworkControllerLogHandler.swift; sourceTree = "<group>"; };
		3A7A78D1271E113D009123F7 /* LogRecordStringConverter.swift */ = {isa = PBXFileReference; lastKnownFileType = sourcecode.swift; path = LogRecordStringConverter.swift; sourceTree = "<group>"; };
		3A7A78D2271E113D009123F7 /* StandardLogRecordStringConverter.swift */ = {isa = PBXFileReference; lastKnownFileType = sourcecode.swift; path = StandardLogRecordStringConverter.swift; sourceTree = "<group>"; };
		3A7A78D3271E113D009123F7 /* RequestInfo.swift */ = {isa = PBXFileReference; lastKnownFileType = sourcecode.swift; path = RequestInfo.swift; sourceTree = "<group>"; };
		3A7A78D4271E113D009123F7 /* URLRequestDelegate.swift */ = {isa = PBXFileReference; lastKnownFileType = sourcecode.swift; path = URLRequestDelegate.swift; sourceTree = "<group>"; };
		3A7A78D7271E113D009123F7 /* ModelableResponse.swift */ = {isa = PBXFileReference; lastKnownFileType = sourcecode.swift; path = ModelableResponse.swift; sourceTree = "<group>"; };
		3A7A78D8271E113D009123F7 /* Response.swift */ = {isa = PBXFileReference; lastKnownFileType = sourcecode.swift; path = Response.swift; sourceTree = "<group>"; };
		3A7A78D9271E113D009123F7 /* Request.swift */ = {isa = PBXFileReference; lastKnownFileType = sourcecode.swift; path = Request.swift; sourceTree = "<group>"; };
		3A7A78DA271E113D009123F7 /* RequestDelegate.swift */ = {isa = PBXFileReference; lastKnownFileType = sourcecode.swift; path = RequestDelegate.swift; sourceTree = "<group>"; };
		3A7A78DB271E113D009123F7 /* BaseNetworkUtilError.swift */ = {isa = PBXFileReference; lastKnownFileType = sourcecode.swift; path = BaseNetworkUtilError.swift; sourceTree = "<group>"; };
		3A7A78DD271E113D009123F7 /* NetworkControllerProtocol.swift */ = {isa = PBXFileReference; lastKnownFileType = sourcecode.swift; path = NetworkControllerProtocol.swift; sourceTree = "<group>"; };
		3A7A78DE271E113D009123F7 /* NetworkControllerDelegate.swift */ = {isa = PBXFileReference; lastKnownFileType = sourcecode.swift; path = NetworkControllerDelegate.swift; sourceTree = "<group>"; };
		3A7A78E0271E113D009123F7 /* IdentificationInfo.swift */ = {isa = PBXFileReference; lastKnownFileType = sourcecode.swift; path = IdentificationInfo.swift; sourceTree = "<group>"; };
		3A7A78E1271E113D009123F7 /* SemaphorePublisher.swift */ = {isa = PBXFileReference; lastKnownFileType = sourcecode.swift; path = SemaphorePublisher.swift; sourceTree = "<group>"; };
		3A7A78E4271E113D009123F7 /* package.xcworkspace */ = {isa = PBXFileReference; lastKnownFileType = wrapper.workspace; path = package.xcworkspace; sourceTree = "<group>"; };
		3A7A78E8271E113D009123F7 /* Breakpoints_v2.xcbkptlist */ = {isa = PBXFileReference; lastKnownFileType = text.xml; path = Breakpoints_v2.xcbkptlist; sourceTree = "<group>"; };
		3A7A78EA271E113D009123F7 /* xcschememanagement.plist */ = {isa = PBXFileReference; lastKnownFileType = text.plist.xml; path = xcschememanagement.plist; sourceTree = "<group>"; };
		3A7A78ED271E113D009123F7 /* BaseNetworkUtilTests.xcscheme */ = {isa = PBXFileReference; lastKnownFileType = text.xml; path = BaseNetworkUtilTests.xcscheme; sourceTree = "<group>"; };
		3A7A78EE271E113D009123F7 /* BaseNetworkUtil.xcscheme */ = {isa = PBXFileReference; lastKnownFileType = text.xml; path = BaseNetworkUtil.xcscheme; sourceTree = "<group>"; };
		3A7A78F1271E113D009123F7 /* LinuxMain.swift */ = {isa = PBXFileReference; lastKnownFileType = sourcecode.swift; path = LinuxMain.swift; sourceTree = "<group>"; };
		3A7A78F3271E113D009123F7 /* CommonFlowTests.swift */ = {isa = PBXFileReference; lastKnownFileType = sourcecode.swift; path = CommonFlowTests.swift; sourceTree = "<group>"; };
		3A7A78F4271E113D009123F7 /* XCTestManifests.swift */ = {isa = PBXFileReference; lastKnownFileType = sourcecode.swift; path = XCTestManifests.swift; sourceTree = "<group>"; };
		3A7A78F5271E113D009123F7 /* README.md */ = {isa = PBXFileReference; lastKnownFileType = net.daringfireball.markdown; path = README.md; sourceTree = "<group>"; };
		3A7A78F6271E113D009123F7 /* .gitignore */ = {isa = PBXFileReference; lastKnownFileType = text; path = .gitignore; sourceTree = "<group>"; };
		3A7A78F7271E113D009123F7 /* Package.swift */ = {isa = PBXFileReference; lastKnownFileType = sourcecode.swift; path = Package.swift; sourceTree = "<group>"; };
		3A7A78FA271E113D009123F7 /* Info.swift */ = {isa = PBXFileReference; lastKnownFileType = sourcecode.swift; path = Info.swift; sourceTree = "<group>"; };
		3A7A78FC271E113D009123F7 /* IdentificationInfo.swift */ = {isa = PBXFileReference; lastKnownFileType = sourcecode.swift; path = IdentificationInfo.swift; sourceTree = "<group>"; };
		3A7A78FE271E113D009123F7 /* CompactRecordDetails.swift */ = {isa = PBXFileReference; lastKnownFileType = sourcecode.swift; path = CompactRecordDetails.swift; sourceTree = "<group>"; };
		3A7A78FF271E113D009123F7 /* StandardRecordDetails.swift */ = {isa = PBXFileReference; lastKnownFileType = sourcecode.swift; path = StandardRecordDetails.swift; sourceTree = "<group>"; };
		3A7A7900271E113D009123F7 /* MetaInfo.swift */ = {isa = PBXFileReference; lastKnownFileType = sourcecode.swift; path = MetaInfo.swift; sourceTree = "<group>"; };
		3A7A7901271E113D009123F7 /* Filter.swift */ = {isa = PBXFileReference; lastKnownFileType = sourcecode.swift; path = Filter.swift; sourceTree = "<group>"; };
		3A7A7902271E113D009123F7 /* Record.swift */ = {isa = PBXFileReference; lastKnownFileType = sourcecode.swift; path = Record.swift; sourceTree = "<group>"; };
		3A7A7903271E113D009123F7 /* Level.swift */ = {isa = PBXFileReference; lastKnownFileType = sourcecode.swift; path = Level.swift; sourceTree = "<group>"; };
		3A7A7904271E113D009123F7 /* Configuration.swift */ = {isa = PBXFileReference; lastKnownFileType = sourcecode.swift; path = Configuration.swift; sourceTree = "<group>"; };
		3A7A7907271E113D009123F7 /* StandardLogger.swift */ = {isa = PBXFileReference; lastKnownFileType = sourcecode.swift; path = StandardLogger.swift; sourceTree = "<group>"; };
		3A7A7909271E113D009123F7 /* StandardRemoteExporter.swift */ = {isa = PBXFileReference; lastKnownFileType = sourcecode.swift; path = StandardRemoteExporter.swift; sourceTree = "<group>"; };
		3A7A790A271E113D009123F7 /* EmptyExporer.swift */ = {isa = PBXFileReference; lastKnownFileType = sourcecode.swift; path = EmptyExporer.swift; sourceTree = "<group>"; };
		3A7A790B271E113D009123F7 /* PrintExporter.swift */ = {isa = PBXFileReference; lastKnownFileType = sourcecode.swift; path = PrintExporter.swift; sourceTree = "<group>"; };
		3A7A790C271E113D009123F7 /* LoggerFrameworkExporter.swift */ = {isa = PBXFileReference; lastKnownFileType = sourcecode.swift; path = LoggerFrameworkExporter.swift; sourceTree = "<group>"; };
		3A7A790D271E113D009123F7 /* OSLogExporter.swift */ = {isa = PBXFileReference; lastKnownFileType = sourcecode.swift; path = OSLogExporter.swift; sourceTree = "<group>"; };
		3A7A790E271E113D009123F7 /* CustomExporter.swift */ = {isa = PBXFileReference; lastKnownFileType = sourcecode.swift; path = CustomExporter.swift; sourceTree = "<group>"; };
		3A7A790F271E113D009123F7 /* AnyExporter.swift */ = {isa = PBXFileReference; lastKnownFileType = sourcecode.swift; path = AnyExporter.swift; sourceTree = "<group>"; };
		3A7A7911271E113D009123F7 /* TransparentConverter.swift */ = {isa = PBXFileReference; lastKnownFileType = sourcecode.swift; path = TransparentConverter.swift; sourceTree = "<group>"; };
		3A7A7912271E113D009123F7 /* ThrowableCustomConverter.swift */ = {isa = PBXFileReference; lastKnownFileType = sourcecode.swift; path = ThrowableCustomConverter.swift; sourceTree = "<group>"; };
		3A7A7913271E113D009123F7 /* MultipleStringConverter.swift */ = {isa = PBXFileReference; lastKnownFileType = sourcecode.swift; path = MultipleStringConverter.swift; sourceTree = "<group>"; };
		3A7A7914271E113D009123F7 /* EmptyStringConverter.swift */ = {isa = PBXFileReference; lastKnownFileType = sourcecode.swift; path = EmptyStringConverter.swift; sourceTree = "<group>"; };
		3A7A7915271E113D009123F7 /* MessageOnlyConverter.swift */ = {isa = PBXFileReference; lastKnownFileType = sourcecode.swift; path = MessageOnlyConverter.swift; sourceTree = "<group>"; };
		3A7A7916271E113D009123F7 /* SingleLineConverter.swift */ = {isa = PBXFileReference; lastKnownFileType = sourcecode.swift; path = SingleLineConverter.swift; sourceTree = "<group>"; };
		3A7A7917271E113D009123F7 /* CustomConverter.swift */ = {isa = PBXFileReference; lastKnownFileType = sourcecode.swift; path = CustomConverter.swift; sourceTree = "<group>"; };
		3A7A7918271E113D009123F7 /* StringToJSONDataConverter.swift */ = {isa = PBXFileReference; lastKnownFileType = sourcecode.swift; path = StringToJSONDataConverter.swift; sourceTree = "<group>"; };
		3A7A791A271E113D009123F7 /* PlainConnector.swift */ = {isa = PBXFileReference; lastKnownFileType = sourcecode.swift; path = PlainConnector.swift; sourceTree = "<group>"; };
		3A7A791B271E113D009123F7 /* ErrorSupressingConnector.swift */ = {isa = PBXFileReference; lastKnownFileType = sourcecode.swift; path = ErrorSupressingConnector.swift; sourceTree = "<group>"; };
		3A7A791C271E113D009123F7 /* ReactiveHandler.swift */ = {isa = PBXFileReference; lastKnownFileType = sourcecode.swift; path = ReactiveHandler.swift; sourceTree = "<group>"; };
		3A7A791D271E113D009123F7 /* StandardHandler.swift */ = {isa = PBXFileReference; lastKnownFileType = sourcecode.swift; path = StandardHandler.swift; sourceTree = "<group>"; };
		3A7A791E271E113D009123F7 /* CustomHandler.swift */ = {isa = PBXFileReference; lastKnownFileType = sourcecode.swift; path = CustomHandler.swift; sourceTree = "<group>"; };
		3A7A791F271E113D009123F7 /* SwitchHandler.swift */ = {isa = PBXFileReference; lastKnownFileType = sourcecode.swift; path = SwitchHandler.swift; sourceTree = "<group>"; };
		3A7A7920271E113D009123F7 /* AnyHandler.swift */ = {isa = PBXFileReference; lastKnownFileType = sourcecode.swift; path = AnyHandler.swift; sourceTree = "<group>"; };
		3A7A7923271E113D009123F7 /* DetailsCustomizable.swift */ = {isa = PBXFileReference; lastKnownFileType = sourcecode.swift; path = DetailsCustomizable.swift; sourceTree = "<group>"; };
		3A7A7924271E113D009123F7 /* LevelCustomizable.swift */ = {isa = PBXFileReference; lastKnownFileType = sourcecode.swift; path = LevelCustomizable.swift; sourceTree = "<group>"; };
		3A7A7925271E113D009123F7 /* IsEnabledCustomizable.swift */ = {isa = PBXFileReference; lastKnownFileType = sourcecode.swift; path = IsEnabledCustomizable.swift; sourceTree = "<group>"; };
		3A7A7926271E113D009123F7 /* ConfigurationCustomizable.swift */ = {isa = PBXFileReference; lastKnownFileType = sourcecode.swift; path = ConfigurationCustomizable.swift; sourceTree = "<group>"; };
		3A7A7927271E113D009123F7 /* FiltersCustomizable.swift */ = {isa = PBXFileReference; lastKnownFileType = sourcecode.swift; path = FiltersCustomizable.swift; sourceTree = "<group>"; };
		3A7A7928271E113D009123F7 /* DetailsEnablingCustomization.swift */ = {isa = PBXFileReference; lastKnownFileType = sourcecode.swift; path = DetailsEnablingCustomization.swift; sourceTree = "<group>"; };
		3A7A7929271E113D009123F7 /* Logger.swift */ = {isa = PBXFileReference; lastKnownFileType = sourcecode.swift; path = Logger.swift; sourceTree = "<group>"; };
		3A7A792A271E113D009123F7 /* Handler.swift */ = {isa = PBXFileReference; lastKnownFileType = sourcecode.swift; path = Handler.swift; sourceTree = "<group>"; };
		3A7A792B271E113D009123F7 /* RecordDetails.swift */ = {isa = PBXFileReference; lastKnownFileType = sourcecode.swift; path = RecordDetails.swift; sourceTree = "<group>"; };
		3A7A792C271E113D009123F7 /* Exporter.swift */ = {isa = PBXFileReference; lastKnownFileType = sourcecode.swift; path = Exporter.swift; sourceTree = "<group>"; };
		3A7A792D271E113D009123F7 /* Converter.swift */ = {isa = PBXFileReference; lastKnownFileType = sourcecode.swift; path = Converter.swift; sourceTree = "<group>"; };
		3A7A792E271E113D009123F7 /* CustomizableHandler.swift */ = {isa = PBXFileReference; lastKnownFileType = sourcecode.swift; path = CustomizableHandler.swift; sourceTree = "<group>"; };
		3A7A792F271E113D009123F7 /* CustomizableLogger.swift */ = {isa = PBXFileReference; lastKnownFileType = sourcecode.swift; path = CustomizableLogger.swift; sourceTree = "<group>"; };
		3A7A7930271E113D009123F7 /* CustomizableExporter.swift */ = {isa = PBXFileReference; lastKnownFileType = sourcecode.swift; path = CustomizableExporter.swift; sourceTree = "<group>"; };
		3A7A7932271E113D009123F7 /* Builder.swift */ = {isa = PBXFileReference; lastKnownFileType = sourcecode.swift; path = Builder.swift; sourceTree = "<group>"; };
		3A7A7933271E113D009123F7 /* Combine.swift */ = {isa = PBXFileReference; lastKnownFileType = sourcecode.swift; path = Combine.swift; sourceTree = "<group>"; };
		3A7A7936271E113D009123F7 /* package.xcworkspace */ = {isa = PBXFileReference; lastKnownFileType = wrapper.workspace; path = package.xcworkspace; sourceTree = "<group>"; };
		3A7A793A271E113D009123F7 /* Breakpoints_v2.xcbkptlist */ = {isa = PBXFileReference; lastKnownFileType = text.xml; path = Breakpoints_v2.xcbkptlist; sourceTree = "<group>"; };
		3A7A793C271E113D009123F7 /* xcschememanagement.plist */ = {isa = PBXFileReference; lastKnownFileType = text.plist.xml; path = xcschememanagement.plist; sourceTree = "<group>"; };
		3A7A793F271E113D009123F7 /* LoggingUtilTests.xcscheme */ = {isa = PBXFileReference; lastKnownFileType = text.xml; path = LoggingUtilTests.xcscheme; sourceTree = "<group>"; };
		3A7A7940271E113D009123F7 /* LoggingUtil.xcscheme */ = {isa = PBXFileReference; lastKnownFileType = text.xml; path = LoggingUtil.xcscheme; sourceTree = "<group>"; };
		3A7A7942271E113D009123F7 /* KeychainUtil.xcodeproj */ = {isa = PBXFileReference; lastKnownFileType = "wrapper.pb-project"; path = KeychainUtil.xcodeproj; sourceTree = "<group>"; };
		3A7A7947271E113D009123F7 /* KeychainAccessor.swift */ = {isa = PBXFileReference; lastKnownFileType = sourcecode.swift; path = KeychainAccessor.swift; sourceTree = "<group>"; };
		3A7A7949271E113D009123F7 /* Logger.Record.swift */ = {isa = PBXFileReference; lastKnownFileType = sourcecode.swift; path = Logger.Record.swift; sourceTree = "<group>"; };
		3A7A794A271E113D009123F7 /* Logger.swift */ = {isa = PBXFileReference; lastKnownFileType = sourcecode.swift; path = Logger.swift; sourceTree = "<group>"; };
		3A7A794B271E113D009123F7 /* DefaultKeychainLoggingProvider.swift */ = {isa = PBXFileReference; lastKnownFileType = sourcecode.swift; path = DefaultKeychainLoggingProvider.swift; sourceTree = "<group>"; };
		3A7A794C271E113D009123F7 /* Logger.Commit.swift */ = {isa = PBXFileReference; lastKnownFileType = sourcecode.swift; path = Logger.Commit.swift; sourceTree = "<group>"; };
		3A7A794D271E113D009123F7 /* Logger.Info.swift */ = {isa = PBXFileReference; lastKnownFileType = sourcecode.swift; path = Logger.Info.swift; sourceTree = "<group>"; };
		3A7A794E271E113D009123F7 /* Logger.Operation.swift */ = {isa = PBXFileReference; lastKnownFileType = sourcecode.swift; path = Logger.Operation.swift; sourceTree = "<group>"; };
		3A7A794F271E113D009123F7 /* Logger.Resolution.swift */ = {isa = PBXFileReference; lastKnownFileType = sourcecode.swift; path = Logger.Resolution.swift; sourceTree = "<group>"; };
		3A7A7950271E113D009123F7 /* CommonError.swift */ = {isa = PBXFileReference; lastKnownFileType = sourcecode.swift; path = CommonError.swift; sourceTree = "<group>"; };
		3A7A7952271E113D009123F7 /* ParametricGenericPassword.swift */ = {isa = PBXFileReference; lastKnownFileType = sourcecode.swift; path = ParametricGenericPassword.swift; sourceTree = "<group>"; };
		3A7A7953271E113D009123F7 /* GenericPassword.Coder.swift */ = {isa = PBXFileReference; lastKnownFileType = sourcecode.swift; path = GenericPassword.Coder.swift; sourceTree = "<group>"; };
		3A7A7955271E113D009123F7 /* GenericPassword.Logger.Info.swift */ = {isa = PBXFileReference; lastKnownFileType = sourcecode.swift; path = GenericPassword.Logger.Info.swift; sourceTree = "<group>"; };
		3A7A7956271E113D009123F7 /* GenericPassword.Logger.Operation.swift */ = {isa = PBXFileReference; lastKnownFileType = sourcecode.swift; path = GenericPassword.Logger.Operation.swift; sourceTree = "<group>"; };
		3A7A7957271E113D009123F7 /* GenericPassword.Logger.Commit.swift */ = {isa = PBXFileReference; lastKnownFileType = sourcecode.swift; path = GenericPassword.Logger.Commit.swift; sourceTree = "<group>"; };
		3A7A7958271E113D009123F7 /* GenericPassword.Logger.swift */ = {isa = PBXFileReference; lastKnownFileType = sourcecode.swift; path = GenericPassword.Logger.swift; sourceTree = "<group>"; };
		3A7A7959271E113D009123F7 /* GenericPassword.Logger.Resolution.swift */ = {isa = PBXFileReference; lastKnownFileType = sourcecode.swift; path = GenericPassword.Logger.Resolution.swift; sourceTree = "<group>"; };
		3A7A795A271E113D009123F7 /* DefaultKeychainGenericPasswordsLoggingProvider.swift */ = {isa = PBXFileReference; lastKnownFileType = sourcecode.swift; path = DefaultKeychainGenericPasswordsLoggingProvider.swift; sourceTree = "<group>"; };
		3A7A795B271E113D009123F7 /* GenericPassword.Logger.Record.swift */ = {isa = PBXFileReference; lastKnownFileType = sourcecode.swift; path = GenericPassword.Logger.Record.swift; sourceTree = "<group>"; };
		3A7A795C271E113D009123F7 /* GenericPasswordError.swift */ = {isa = PBXFileReference; lastKnownFileType = sourcecode.swift; path = GenericPasswordError.swift; sourceTree = "<group>"; };
		3A7A795D271E113D009123F7 /* GenericPassword.swift */ = {isa = PBXFileReference; lastKnownFileType = sourcecode.swift; path = GenericPassword.swift; sourceTree = "<group>"; };
		3A7A795E271E113D009123F7 /* KeychainClass.swift */ = {isa = PBXFileReference; lastKnownFileType = sourcecode.swift; path = KeychainClass.swift; sourceTree = "<group>"; };
		3A7A795F271E113D009123F7 /* Settings.swift */ = {isa = PBXFileReference; lastKnownFileType = sourcecode.swift; path = Settings.swift; sourceTree = "<group>"; };
		3A7A7961271E113D009123F7 /* KeychainPrefixProvidable.swift */ = {isa = PBXFileReference; lastKnownFileType = sourcecode.swift; path = KeychainPrefixProvidable.swift; sourceTree = "<group>"; };
		3A7A7962271E113D009123F7 /* KeychainError.swift */ = {isa = PBXFileReference; lastKnownFileType = sourcecode.swift; path = KeychainError.swift; sourceTree = "<group>"; };
		3A7A7963271E113D009123F7 /* KeychainGenericPasswordsLoggingProvider.swift */ = {isa = PBXFileReference; lastKnownFileType = sourcecode.swift; path = KeychainGenericPasswordsLoggingProvider.swift; sourceTree = "<group>"; };
		3A7A7964271E113D009123F7 /* KeychainLoggingProvider.swift */ = {isa = PBXFileReference; lastKnownFileType = sourcecode.swift; path = KeychainLoggingProvider.swift; sourceTree = "<group>"; };
		3A7A7965271E113D009123F7 /* KeychainDescribable.swift */ = {isa = PBXFileReference; lastKnownFileType = sourcecode.swift; path = KeychainDescribable.swift; sourceTree = "<group>"; };
		3A7A7966271E113D009123F7 /* KeychainGenericPasswordsItemIdentifierPostfixProvider.swift */ = {isa = PBXFileReference; lastKnownFileType = sourcecode.swift; path = KeychainGenericPasswordsItemIdentifierPostfixProvider.swift; sourceTree = "<group>"; };
		3A7A7969271E113D009123F7 /* OSStatus.swift */ = {isa = PBXFileReference; lastKnownFileType = sourcecode.swift; path = OSStatus.swift; sourceTree = "<group>"; };
		3A7A796B271E113D009123F7 /* main.swift */ = {isa = PBXFileReference; lastKnownFileType = sourcecode.swift; path = main.swift; sourceTree = "<group>"; };
		3A7A796D271E113D009123F7 /* KeychainUtil.h */ = {isa = PBXFileReference; lastKnownFileType = sourcecode.c.h; path = KeychainUtil.h; sourceTree = "<group>"; };
		3A7A796E271E113D009123F7 /* Info.plist */ = {isa = PBXFileReference; lastKnownFileType = text.plist.xml; path = Info.plist; sourceTree = "<group>"; };
		3A949AE12454621D007E7928 /* Sketches.xcodeproj */ = {isa = PBXFileReference; lastKnownFileType = "wrapper.pb-project"; name = Sketches.xcodeproj; path = Sketches/Sketches.xcodeproj; sourceTree = "<group>"; };
		3A949B24245462BD007E7928 /* Testground */ = {isa = PBXFileReference; explicitFileType = "compiled.mach-o.executable"; includeInIndex = 0; path = Testground; sourceTree = BUILT_PRODUCTS_DIR; };
		3A949B27245462BD007E7928 /* main.swift */ = {isa = PBXFileReference; lastKnownFileType = sourcecode.swift; path = main.swift; sourceTree = "<group>"; };
		3ABE68492716F6E40009EBE1 /* Multitool */ = {isa = PBXFileReference; lastKnownFileType = folder; path = Multitool; sourceTree = "<group>"; };
/* End PBXFileReference section */

/* Begin PBXFrameworksBuildPhase section */
		3A949B21245462BD007E7928 /* Frameworks */ = {
			isa = PBXFrameworksBuildPhase;
			buildActionMask = 2147483647;
			files = (
			);
			runOnlyForDeploymentPostprocessing = 0;
		};
/* End PBXFrameworksBuildPhase section */

/* Begin PBXGroup section */
		3A7A7823271E0242009123F7 /* Products */ = {
			isa = PBXGroup;
			children = (
				3A7A787B271E0512009123F7 /* CombineExtensionsTestground */,
			);
			name = Products;
			sourceTree = "<group>";
		};
		3A7A785A271E02AF009123F7 /* Products */ = {
			isa = PBXGroup;
			children = (
			);
			name = Products;
			sourceTree = "<group>";
		};
		3A7A785D271E02B8009123F7 /* Products */ = {
			isa = PBXGroup;
			children = (
				3A7A7861271E02B8009123F7 /* UIKitExtensions.framework */,
			);
			name = Products;
			sourceTree = "<group>";
		};
		3A7A7880271E113C009123F7 /* Utils */ = {
			isa = PBXGroup;
			children = (
				3A7A7881271E113C009123F7 /* Utils.xcodeproj */,
				3A7A7885271E113C009123F7 /* UserDefaultsUtil */,
				3A7A78B4271E113D009123F7 /* BaseNetworkUtil */,
				3A7A78EF271E113D009123F7 /* LoggingUtil */,
				3A7A7941271E113D009123F7 /* KeychainUtil */,
			);
			path = Utils;
			sourceTree = "<group>";
		};
		3A7A7882271E113C009123F7 /* Products */ = {
			isa = PBXGroup;
			children = (
			);
			name = Products;
			sourceTree = "<group>";
		};
		3A7A7885271E113C009123F7 /* UserDefaultsUtil */ = {
			isa = PBXGroup;
			children = (
				3A7A7886271E113C009123F7 /* Tests */,
				3A7A788B271E113C009123F7 /* README.md */,
				3A7A788C271E113C009123F7 /* .gitignore */,
				3A7A788D271E113C009123F7 /* Package.swift */,
				3A7A788E271E113C009123F7 /* Sources */,
				3A7A78AA271E113C009123F7 /* .swiftpm */,
			);
			path = UserDefaultsUtil;
			sourceTree = "<group>";
		};
		3A7A7886271E113C009123F7 /* Tests */ = {
			isa = PBXGroup;
			children = (
				3A7A7887271E113C009123F7 /* LinuxMain.swift */,
				3A7A7888271E113C009123F7 /* UserDefaultsUtilTests */,
			);
			path = Tests;
			sourceTree = "<group>";
		};
		3A7A7888271E113C009123F7 /* UserDefaultsUtilTests */ = {
			isa = PBXGroup;
			children = (
				3A7A7889271E113C009123F7 /* UserDefaultsUtilTests.swift */,
				3A7A788A271E113C009123F7 /* XCTestManifests.swift */,
			);
			path = UserDefaultsUtilTests;
			sourceTree = "<group>";
		};
		3A7A788E271E113C009123F7 /* Sources */ = {
			isa = PBXGroup;
			children = (
				3A7A788F271E113C009123F7 /* UserDefaultsUtil */,
			);
			path = Sources;
			sourceTree = "<group>";
		};
		3A7A788F271E113C009123F7 /* UserDefaultsUtil */ = {
			isa = PBXGroup;
			children = (
				3A7A7890271E113C009123F7 /* Storages */,
				3A7A7894271E113C009123F7 /* DefaultInstances.swift */,
				3A7A7895271E113C009123F7 /* Info.swift */,
				3A7A7896271E113C009123F7 /* Items */,
				3A7A789B271E113C009123F7 /* Protocols */,
				3A7A789F271E113C009123F7 /* Helpers */,
				3A7A78A3271E113C009123F7 /* Logging */,
			);
			path = UserDefaultsUtil;
			sourceTree = "<group>";
		};
		3A7A7890271E113C009123F7 /* Storages */ = {
			isa = PBXGroup;
			children = (
				3A7A7891271E113C009123F7 /* StandardStorage.swift */,
				3A7A7892271E113C009123F7 /* StandardStorage.Error.swift */,
				3A7A7893271E113C009123F7 /* StandardStorage.Coder.swift */,
			);
			path = Storages;
			sourceTree = "<group>";
		};
		3A7A7896271E113C009123F7 /* Items */ = {
			isa = PBXGroup;
			children = (
				3A7A7897271E113C009123F7 /* Item.swift */,
				3A7A7898271E113C009123F7 /* ParametrizableItem.swift */,
				3A7A7899271E113C009123F7 /* ParametrizableDefaultableItem.swift */,
				3A7A789A271E113C009123F7 /* DefautableItem.swift */,
			);
			path = Items;
			sourceTree = "<group>";
		};
		3A7A789B271E113C009123F7 /* Protocols */ = {
			isa = PBXGroup;
			children = (
				3A7A789C271E113C009123F7 /* Storage.swift */,
				3A7A789D271E113C009123F7 /* KeyPostfixProvider.swift */,
				3A7A789E271E113C009123F7 /* UserDefaultsUtilError.swift */,
			);
			path = Protocols;
			sourceTree = "<group>";
		};
		3A7A789F271E113C009123F7 /* Helpers */ = {
			isa = PBXGroup;
			children = (
				3A7A78A0271E113C009123F7 /* IdentificationInfo.swift */,
				3A7A78A1271E113C009123F7 /* LabelBuilder.swift */,
				3A7A78A2271E113C009123F7 /* KeyBuilder.swift */,
			);
			path = Helpers;
			sourceTree = "<group>";
		};
		3A7A78A3271E113C009123F7 /* Logging */ = {
			isa = PBXGroup;
			children = (
				3A7A78A4271E113C009123F7 /* LogHandler.swift */,
				3A7A78A5271E113C009123F7 /* Logger.swift */,
				3A7A78A6271E113C009123F7 /* LogRecord.swift */,
				3A7A78A7271E113C009123F7 /* LogRecordFormatters */,
			);
			path = Logging;
			sourceTree = "<group>";
		};
		3A7A78A7271E113C009123F7 /* LogRecordFormatters */ = {
			isa = PBXGroup;
			children = (
				3A7A78A8271E113C009123F7 /* SingleLineConverter.swift */,
				3A7A78A9271E113C009123F7 /* LogRecordStringConverter.swift */,
			);
			path = LogRecordFormatters;
			sourceTree = "<group>";
		};
		3A7A78AA271E113C009123F7 /* .swiftpm */ = {
			isa = PBXGroup;
			children = (
				3A7A78AB271E113C009123F7 /* xcode */,
			);
			path = .swiftpm;
			sourceTree = "<group>";
		};
		3A7A78AB271E113C009123F7 /* xcode */ = {
			isa = PBXGroup;
			children = (
				3A7A78AC271E113C009123F7 /* package.xcworkspace */,
				3A7A78AD271E113C009123F7 /* xcuserdata */,
				3A7A78B1271E113D009123F7 /* xcshareddata */,
			);
			path = xcode;
			sourceTree = "<group>";
		};
		3A7A78AD271E113C009123F7 /* xcuserdata */ = {
			isa = PBXGroup;
			children = (
				3A7A78AE271E113C009123F7 /* Anton.xcuserdatad */,
			);
			path = xcuserdata;
			sourceTree = "<group>";
		};
		3A7A78AE271E113C009123F7 /* Anton.xcuserdatad */ = {
			isa = PBXGroup;
			children = (
				3A7A78AF271E113C009123F7 /* xcschemes */,
			);
			path = Anton.xcuserdatad;
			sourceTree = "<group>";
		};
		3A7A78AF271E113C009123F7 /* xcschemes */ = {
			isa = PBXGroup;
			children = (
				3A7A78B0271E113C009123F7 /* xcschememanagement.plist */,
			);
			path = xcschemes;
			sourceTree = "<group>";
		};
		3A7A78B1271E113D009123F7 /* xcshareddata */ = {
			isa = PBXGroup;
			children = (
				3A7A78B2271E113D009123F7 /* xcschemes */,
			);
			path = xcshareddata;
			sourceTree = "<group>";
		};
		3A7A78B2271E113D009123F7 /* xcschemes */ = {
			isa = PBXGroup;
			children = (
				3A7A78B3271E113D009123F7 /* UserDefaultsUtil.xcscheme */,
			);
			path = xcschemes;
			sourceTree = "<group>";
		};
		3A7A78B4271E113D009123F7 /* BaseNetworkUtil */ = {
			isa = PBXGroup;
			children = (
				3A7A78B5271E113D009123F7 /* Tests */,
				3A7A78BA271E113D009123F7 /* README.md */,
				3A7A78BB271E113D009123F7 /* .gitignore */,
				3A7A78BC271E113D009123F7 /* Package.swift */,
				3A7A78BD271E113D009123F7 /* Sources */,
				3A7A78E2271E113D009123F7 /* .swiftpm */,
			);
			path = BaseNetworkUtil;
			sourceTree = "<group>";
		};
		3A7A78B5271E113D009123F7 /* Tests */ = {
			isa = PBXGroup;
			children = (
				3A7A78B6271E113D009123F7 /* LinuxMain.swift */,
				3A7A78B7271E113D009123F7 /* BaseNetworkUtilTests */,
			);
			path = Tests;
			sourceTree = "<group>";
		};
		3A7A78B7271E113D009123F7 /* BaseNetworkUtilTests */ = {
			isa = PBXGroup;
			children = (
				3A7A78B8271E113D009123F7 /* BaseNetworkUtilTests.swift */,
				3A7A78B9271E113D009123F7 /* XCTestManifests.swift */,
			);
			path = BaseNetworkUtilTests;
			sourceTree = "<group>";
		};
		3A7A78BD271E113D009123F7 /* Sources */ = {
			isa = PBXGroup;
			children = (
				3A7A78BE271E113D009123F7 /* BaseNetworkUtil */,
			);
			path = Sources;
			sourceTree = "<group>";
		};
		3A7A78BE271E113D009123F7 /* BaseNetworkUtil */ = {
			isa = PBXGroup;
			children = (
				3A7A78BF271E113D009123F7 /* URLRequest.swift */,
				3A7A78C0271E113D009123F7 /* Info.swift */,
				3A7A78C1271E113D009123F7 /* NetworkController */,
				3A7A78D4271E113D009123F7 /* URLRequestDelegate.swift */,
				3A7A78D5271E113D009123F7 /* Protocols */,
				3A7A78DF271E113D009123F7 /* Helpers */,
			);
			path = BaseNetworkUtil;
			sourceTree = "<group>";
		};
		3A7A78C1271E113D009123F7 /* NetworkController */ = {
			isa = PBXGroup;
			children = (
				3A7A78C2271E113D009123F7 /* Serial.swift */,
				3A7A78C3271E113D009123F7 /* NetworkController.swift */,
				3A7A78C4271E113D009123F7 /* NetworkController.Error.swift */,
				3A7A78C5271E113D009123F7 /* Logging */,
			);
			path = NetworkController;
			sourceTree = "<group>";
		};
		3A7A78C5271E113D009123F7 /* Logging */ = {
			isa = PBXGroup;
			children = (
				3A7A78C6271E113D009123F7 /* RequestInfoStringControllers */,
				3A7A78C9271E113D009123F7 /* Logger.swift */,
				3A7A78CA271E113D009123F7 /* BaseDetails.swift */,
				3A7A78CB271E113D009123F7 /* ControllerErrorStringConverters */,
				3A7A78CE271E113D009123F7 /* LogRecord.swift */,
				3A7A78CF271E113D009123F7 /* NetworkControllerLogHandler.swift */,
				3A7A78D0271E113D009123F7 /* LogRecordStringConverters */,
				3A7A78D3271E113D009123F7 /* RequestInfo.swift */,
			);
			path = Logging;
			sourceTree = "<group>";
		};
		3A7A78C6271E113D009123F7 /* RequestInfoStringControllers */ = {
			isa = PBXGroup;
			children = (
				3A7A78C7271E113D009123F7 /* RequestInfoStringConverter.swift */,
				3A7A78C8271E113D009123F7 /* StandardRequestInfoStringConverter.swift */,
			);
			path = RequestInfoStringControllers;
			sourceTree = "<group>";
		};
		3A7A78CB271E113D009123F7 /* ControllerErrorStringConverters */ = {
			isa = PBXGroup;
			children = (
				3A7A78CC271E113D009123F7 /* StandardControllerErrorStringConverter.swift */,
				3A7A78CD271E113D009123F7 /* ControllerErrorStringConverter.swift */,
			);
			path = ControllerErrorStringConverters;
			sourceTree = "<group>";
		};
		3A7A78D0271E113D009123F7 /* LogRecordStringConverters */ = {
			isa = PBXGroup;
			children = (
				3A7A78D1271E113D009123F7 /* LogRecordStringConverter.swift */,
				3A7A78D2271E113D009123F7 /* StandardLogRecordStringConverter.swift */,
			);
			path = LogRecordStringConverters;
			sourceTree = "<group>";
		};
		3A7A78D5271E113D009123F7 /* Protocols */ = {
			isa = PBXGroup;
			children = (
				3A7A78D6271E113D009123F7 /* Requests */,
				3A7A78DB271E113D009123F7 /* BaseNetworkUtilError.swift */,
				3A7A78DC271E113D009123F7 /* NetworkController */,
			);
			path = Protocols;
			sourceTree = "<group>";
		};
		3A7A78D6271E113D009123F7 /* Requests */ = {
			isa = PBXGroup;
			children = (
				3A7A78D7271E113D009123F7 /* ModelableResponse.swift */,
				3A7A78D8271E113D009123F7 /* Response.swift */,
				3A7A78D9271E113D009123F7 /* Request.swift */,
				3A7A78DA271E113D009123F7 /* RequestDelegate.swift */,
			);
			path = Requests;
			sourceTree = "<group>";
		};
		3A7A78DC271E113D009123F7 /* NetworkController */ = {
			isa = PBXGroup;
			children = (
				3A7A78DD271E113D009123F7 /* NetworkControllerProtocol.swift */,
				3A7A78DE271E113D009123F7 /* NetworkControllerDelegate.swift */,
			);
			path = NetworkController;
			sourceTree = "<group>";
		};
		3A7A78DF271E113D009123F7 /* Helpers */ = {
			isa = PBXGroup;
			children = (
				3A7A78E0271E113D009123F7 /* IdentificationInfo.swift */,
				3A7A78E1271E113D009123F7 /* SemaphorePublisher.swift */,
			);
			path = Helpers;
			sourceTree = "<group>";
		};
		3A7A78E2271E113D009123F7 /* .swiftpm */ = {
			isa = PBXGroup;
			children = (
				3A7A78E3271E113D009123F7 /* xcode */,
			);
			path = .swiftpm;
			sourceTree = "<group>";
		};
		3A7A78E3271E113D009123F7 /* xcode */ = {
			isa = PBXGroup;
			children = (
				3A7A78E4271E113D009123F7 /* package.xcworkspace */,
				3A7A78E5271E113D009123F7 /* xcuserdata */,
				3A7A78EB271E113D009123F7 /* xcshareddata */,
			);
			path = xcode;
			sourceTree = "<group>";
		};
		3A7A78E5271E113D009123F7 /* xcuserdata */ = {
			isa = PBXGroup;
			children = (
				3A7A78E6271E113D009123F7 /* Anton.xcuserdatad */,
			);
			path = xcuserdata;
			sourceTree = "<group>";
		};
		3A7A78E6271E113D009123F7 /* Anton.xcuserdatad */ = {
			isa = PBXGroup;
			children = (
				3A7A78E7271E113D009123F7 /* xcdebugger */,
				3A7A78E9271E113D009123F7 /* xcschemes */,
			);
			path = Anton.xcuserdatad;
			sourceTree = "<group>";
		};
		3A7A78E7271E113D009123F7 /* xcdebugger */ = {
			isa = PBXGroup;
			children = (
				3A7A78E8271E113D009123F7 /* Breakpoints_v2.xcbkptlist */,
			);
			path = xcdebugger;
			sourceTree = "<group>";
		};
		3A7A78E9271E113D009123F7 /* xcschemes */ = {
			isa = PBXGroup;
			children = (
				3A7A78EA271E113D009123F7 /* xcschememanagement.plist */,
			);
			path = xcschemes;
			sourceTree = "<group>";
		};
		3A7A78EB271E113D009123F7 /* xcshareddata */ = {
			isa = PBXGroup;
			children = (
				3A7A78EC271E113D009123F7 /* xcschemes */,
			);
			path = xcshareddata;
			sourceTree = "<group>";
		};
		3A7A78EC271E113D009123F7 /* xcschemes */ = {
			isa = PBXGroup;
			children = (
				3A7A78ED271E113D009123F7 /* BaseNetworkUtilTests.xcscheme */,
				3A7A78EE271E113D009123F7 /* BaseNetworkUtil.xcscheme */,
			);
			path = xcschemes;
			sourceTree = "<group>";
		};
		3A7A78EF271E113D009123F7 /* LoggingUtil */ = {
			isa = PBXGroup;
			children = (
				3A7A78F0271E113D009123F7 /* Tests */,
				3A7A78F5271E113D009123F7 /* README.md */,
				3A7A78F6271E113D009123F7 /* .gitignore */,
				3A7A78F7271E113D009123F7 /* Package.swift */,
				3A7A78F8271E113D009123F7 /* Sources */,
				3A7A7934271E113D009123F7 /* .swiftpm */,
			);
			path = LoggingUtil;
			sourceTree = "<group>";
		};
		3A7A78F0271E113D009123F7 /* Tests */ = {
			isa = PBXGroup;
			children = (
				3A7A78F1271E113D009123F7 /* LinuxMain.swift */,
				3A7A78F2271E113D009123F7 /* LoggingUtilTests */,
			);
			path = Tests;
			sourceTree = "<group>";
		};
		3A7A78F2271E113D009123F7 /* LoggingUtilTests */ = {
			isa = PBXGroup;
			children = (
				3A7A78F3271E113D009123F7 /* CommonFlowTests.swift */,
				3A7A78F4271E113D009123F7 /* XCTestManifests.swift */,
			);
			path = LoggingUtilTests;
			sourceTree = "<group>";
		};
		3A7A78F8271E113D009123F7 /* Sources */ = {
			isa = PBXGroup;
			children = (
				3A7A78F9271E113D009123F7 /* LoggingUtil */,
			);
			path = Sources;
			sourceTree = "<group>";
		};
		3A7A78F9271E113D009123F7 /* LoggingUtil */ = {
			isa = PBXGroup;
			children = (
				3A7A78FA271E113D009123F7 /* Info.swift */,
				3A7A78FB271E113D009123F7 /* Models */,
				3A7A7905271E113D009123F7 /* Implementation */,
				3A7A7921271E113D009123F7 /* Protocols */,
				3A7A7931271E113D009123F7 /* Helpers */,
			);
			path = LoggingUtil;
			sourceTree = "<group>";
		};
		3A7A78FB271E113D009123F7 /* Models */ = {
			isa = PBXGroup;
			children = (
				3A7A78FC271E113D009123F7 /* IdentificationInfo.swift */,
				3A7A78FD271E113D009123F7 /* Details */,
				3A7A7900271E113D009123F7 /* MetaInfo.swift */,
				3A7A7901271E113D009123F7 /* Filter.swift */,
				3A7A7902271E113D009123F7 /* Record.swift */,
				3A7A7903271E113D009123F7 /* Level.swift */,
				3A7A7904271E113D009123F7 /* Configuration.swift */,
			);
			path = Models;
			sourceTree = "<group>";
		};
		3A7A78FD271E113D009123F7 /* Details */ = {
			isa = PBXGroup;
			children = (
				3A7A78FE271E113D009123F7 /* CompactRecordDetails.swift */,
				3A7A78FF271E113D009123F7 /* StandardRecordDetails.swift */,
			);
			path = Details;
			sourceTree = "<group>";
		};
		3A7A7905271E113D009123F7 /* Implementation */ = {
			isa = PBXGroup;
			children = (
				3A7A7906271E113D009123F7 /* Loggers */,
				3A7A7908271E113D009123F7 /* Exporters */,
				3A7A7910271E113D009123F7 /* Converters */,
				3A7A7919271E113D009123F7 /* Handlers */,
			);
			path = Implementation;
			sourceTree = "<group>";
		};
		3A7A7906271E113D009123F7 /* Loggers */ = {
			isa = PBXGroup;
			children = (
				3A7A7907271E113D009123F7 /* StandardLogger.swift */,
			);
			path = Loggers;
			sourceTree = "<group>";
		};
		3A7A7908271E113D009123F7 /* Exporters */ = {
			isa = PBXGroup;
			children = (
				3A7A7909271E113D009123F7 /* StandardRemoteExporter.swift */,
				3A7A790A271E113D009123F7 /* EmptyExporer.swift */,
				3A7A790B271E113D009123F7 /* PrintExporter.swift */,
				3A7A790C271E113D009123F7 /* LoggerFrameworkExporter.swift */,
				3A7A790D271E113D009123F7 /* OSLogExporter.swift */,
				3A7A790E271E113D009123F7 /* CustomExporter.swift */,
				3A7A790F271E113D009123F7 /* AnyExporter.swift */,
			);
			path = Exporters;
			sourceTree = "<group>";
		};
		3A7A7910271E113D009123F7 /* Converters */ = {
			isa = PBXGroup;
			children = (
				3A7A7911271E113D009123F7 /* TransparentConverter.swift */,
				3A7A7912271E113D009123F7 /* ThrowableCustomConverter.swift */,
				3A7A7913271E113D009123F7 /* MultipleStringConverter.swift */,
				3A7A7914271E113D009123F7 /* EmptyStringConverter.swift */,
				3A7A7915271E113D009123F7 /* MessageOnlyConverter.swift */,
				3A7A7916271E113D009123F7 /* SingleLineConverter.swift */,
				3A7A7917271E113D009123F7 /* CustomConverter.swift */,
				3A7A7918271E113D009123F7 /* StringToJSONDataConverter.swift */,
			);
			path = Converters;
			sourceTree = "<group>";
		};
		3A7A7919271E113D009123F7 /* Handlers */ = {
			isa = PBXGroup;
			children = (
				3A7A791A271E113D009123F7 /* PlainConnector.swift */,
				3A7A791B271E113D009123F7 /* ErrorSupressingConnector.swift */,
				3A7A791C271E113D009123F7 /* ReactiveHandler.swift */,
				3A7A791D271E113D009123F7 /* StandardHandler.swift */,
				3A7A791E271E113D009123F7 /* CustomHandler.swift */,
				3A7A791F271E113D009123F7 /* SwitchHandler.swift */,
				3A7A7920271E113D009123F7 /* AnyHandler.swift */,
			);
			path = Handlers;
			sourceTree = "<group>";
		};
		3A7A7921271E113D009123F7 /* Protocols */ = {
			isa = PBXGroup;
			children = (
				3A7A7922271E113D009123F7 /* Customizations */,
				3A7A7929271E113D009123F7 /* Logger.swift */,
				3A7A792A271E113D009123F7 /* Handler.swift */,
				3A7A792B271E113D009123F7 /* RecordDetails.swift */,
				3A7A792C271E113D009123F7 /* Exporter.swift */,
				3A7A792D271E113D009123F7 /* Converter.swift */,
				3A7A792E271E113D009123F7 /* CustomizableHandler.swift */,
				3A7A792F271E113D009123F7 /* CustomizableLogger.swift */,
				3A7A7930271E113D009123F7 /* CustomizableExporter.swift */,
			);
			path = Protocols;
			sourceTree = "<group>";
		};
		3A7A7922271E113D009123F7 /* Customizations */ = {
			isa = PBXGroup;
			children = (
				3A7A7923271E113D009123F7 /* DetailsCustomizable.swift */,
				3A7A7924271E113D009123F7 /* LevelCustomizable.swift */,
				3A7A7925271E113D009123F7 /* IsEnabledCustomizable.swift */,
				3A7A7926271E113D009123F7 /* ConfigurationCustomizable.swift */,
				3A7A7927271E113D009123F7 /* FiltersCustomizable.swift */,
				3A7A7928271E113D009123F7 /* DetailsEnablingCustomization.swift */,
			);
			path = Customizations;
			sourceTree = "<group>";
		};
		3A7A7931271E113D009123F7 /* Helpers */ = {
			isa = PBXGroup;
			children = (
				3A7A7932271E113D009123F7 /* Builder.swift */,
				3A7A7933271E113D009123F7 /* Combine.swift */,
			);
			path = Helpers;
			sourceTree = "<group>";
		};
		3A7A7934271E113D009123F7 /* .swiftpm */ = {
			isa = PBXGroup;
			children = (
				3A7A7935271E113D009123F7 /* xcode */,
			);
			path = .swiftpm;
			sourceTree = "<group>";
		};
		3A7A7935271E113D009123F7 /* xcode */ = {
			isa = PBXGroup;
			children = (
				3A7A7936271E113D009123F7 /* package.xcworkspace */,
				3A7A7937271E113D009123F7 /* xcuserdata */,
				3A7A793D271E113D009123F7 /* xcshareddata */,
			);
			path = xcode;
			sourceTree = "<group>";
		};
		3A7A7937271E113D009123F7 /* xcuserdata */ = {
			isa = PBXGroup;
			children = (
				3A7A7938271E113D009123F7 /* Anton.xcuserdatad */,
			);
			path = xcuserdata;
			sourceTree = "<group>";
		};
		3A7A7938271E113D009123F7 /* Anton.xcuserdatad */ = {
			isa = PBXGroup;
			children = (
				3A7A7939271E113D009123F7 /* xcdebugger */,
				3A7A793B271E113D009123F7 /* xcschemes */,
			);
			path = Anton.xcuserdatad;
			sourceTree = "<group>";
		};
		3A7A7939271E113D009123F7 /* xcdebugger */ = {
			isa = PBXGroup;
			children = (
				3A7A793A271E113D009123F7 /* Breakpoints_v2.xcbkptlist */,
			);
			path = xcdebugger;
			sourceTree = "<group>";
		};
		3A7A793B271E113D009123F7 /* xcschemes */ = {
			isa = PBXGroup;
			children = (
				3A7A793C271E113D009123F7 /* xcschememanagement.plist */,
			);
			path = xcschemes;
			sourceTree = "<group>";
		};
		3A7A793D271E113D009123F7 /* xcshareddata */ = {
			isa = PBXGroup;
			children = (
				3A7A793E271E113D009123F7 /* xcschemes */,
			);
			path = xcshareddata;
			sourceTree = "<group>";
		};
		3A7A793E271E113D009123F7 /* xcschemes */ = {
			isa = PBXGroup;
			children = (
				3A7A793F271E113D009123F7 /* LoggingUtilTests.xcscheme */,
				3A7A7940271E113D009123F7 /* LoggingUtil.xcscheme */,
			);
			path = xcschemes;
			sourceTree = "<group>";
		};
		3A7A7941271E113D009123F7 /* KeychainUtil */ = {
			isa = PBXGroup;
			children = (
				3A7A7942271E113D009123F7 /* KeychainUtil.xcodeproj */,
				3A7A7945271E113D009123F7 /* Source */,
				3A7A796A271E113D009123F7 /* KeychainUtilTestground */,
				3A7A796C271E113D009123F7 /* KeychainUtil */,
			);
			path = KeychainUtil;
			sourceTree = "<group>";
		};
		3A7A7943271E113D009123F7 /* Products */ = {
			isa = PBXGroup;
			children = (
				3A7A7972271E113D009123F7 /* KeychainUtilTestground */,
				3A7A7974271E113D009123F7 /* KeychainUtil.framework */,
			);
			name = Products;
			sourceTree = "<group>";
		};
		3A7A7945271E113D009123F7 /* Source */ = {
			isa = PBXGroup;
			children = (
				3A7A7946271E113D009123F7 /* KeychainUtil */,
				3A7A7960271E113D009123F7 /* Protocols */,
				3A7A7967271E113D009123F7 /* Helpers */,
			);
			path = Source;
			sourceTree = "<group>";
		};
		3A7A7946271E113D009123F7 /* KeychainUtil */ = {
			isa = PBXGroup;
			children = (
				3A7A7947271E113D009123F7 /* KeychainAccessor.swift */,
				3A7A7948271E113D009123F7 /* Logger */,
				3A7A7950271E113D009123F7 /* CommonError.swift */,
				3A7A7951271E113D009123F7 /* GenericPasswords */,
				3A7A795E271E113D009123F7 /* KeychainClass.swift */,
				3A7A795F271E113D009123F7 /* Settings.swift */,
			);
			path = KeychainUtil;
			sourceTree = "<group>";
		};
		3A7A7948271E113D009123F7 /* Logger */ = {
			isa = PBXGroup;
			children = (
				3A7A7949271E113D009123F7 /* Logger.Record.swift */,
				3A7A794A271E113D009123F7 /* Logger.swift */,
				3A7A794B271E113D009123F7 /* DefaultKeychainLoggingProvider.swift */,
				3A7A794C271E113D009123F7 /* Logger.Commit.swift */,
				3A7A794D271E113D009123F7 /* Logger.Info.swift */,
				3A7A794E271E113D009123F7 /* Logger.Operation.swift */,
				3A7A794F271E113D009123F7 /* Logger.Resolution.swift */,
			);
			path = Logger;
			sourceTree = "<group>";
		};
		3A7A7951271E113D009123F7 /* GenericPasswords */ = {
			isa = PBXGroup;
			children = (
				3A7A7952271E113D009123F7 /* ParametricGenericPassword.swift */,
				3A7A7953271E113D009123F7 /* GenericPassword.Coder.swift */,
				3A7A7954271E113D009123F7 /* Logger */,
				3A7A795C271E113D009123F7 /* GenericPasswordError.swift */,
				3A7A795D271E113D009123F7 /* GenericPassword.swift */,
			);
			path = GenericPasswords;
			sourceTree = "<group>";
		};
		3A7A7954271E113D009123F7 /* Logger */ = {
			isa = PBXGroup;
			children = (
				3A7A7955271E113D009123F7 /* GenericPassword.Logger.Info.swift */,
				3A7A7956271E113D009123F7 /* GenericPassword.Logger.Operation.swift */,
				3A7A7957271E113D009123F7 /* GenericPassword.Logger.Commit.swift */,
				3A7A7958271E113D009123F7 /* GenericPassword.Logger.swift */,
				3A7A7959271E113D009123F7 /* GenericPassword.Logger.Resolution.swift */,
				3A7A795A271E113D009123F7 /* DefaultKeychainGenericPasswordsLoggingProvider.swift */,
				3A7A795B271E113D009123F7 /* GenericPassword.Logger.Record.swift */,
			);
			path = Logger;
			sourceTree = "<group>";
		};
		3A7A7960271E113D009123F7 /* Protocols */ = {
			isa = PBXGroup;
			children = (
				3A7A7961271E113D009123F7 /* KeychainPrefixProvidable.swift */,
				3A7A7962271E113D009123F7 /* KeychainError.swift */,
				3A7A7963271E113D009123F7 /* KeychainGenericPasswordsLoggingProvider.swift */,
				3A7A7964271E113D009123F7 /* KeychainLoggingProvider.swift */,
				3A7A7965271E113D009123F7 /* KeychainDescribable.swift */,
				3A7A7966271E113D009123F7 /* KeychainGenericPasswordsItemIdentifierPostfixProvider.swift */,
			);
			path = Protocols;
			sourceTree = "<group>";
		};
		3A7A7967271E113D009123F7 /* Helpers */ = {
			isa = PBXGroup;
			children = (
				3A7A7968271E113D009123F7 /* Extensions */,
			);
			path = Helpers;
			sourceTree = "<group>";
		};
		3A7A7968271E113D009123F7 /* Extensions */ = {
			isa = PBXGroup;
			children = (
				3A7A7969271E113D009123F7 /* OSStatus.swift */,
			);
			path = Extensions;
			sourceTree = "<group>";
		};
		3A7A796A271E113D009123F7 /* KeychainUtilTestground */ = {
			isa = PBXGroup;
			children = (
				3A7A796B271E113D009123F7 /* main.swift */,
			);
			path = KeychainUtilTestground;
			sourceTree = "<group>";
		};
		3A7A796C271E113D009123F7 /* KeychainUtil */ = {
			isa = PBXGroup;
			children = (
				3A7A796D271E113D009123F7 /* KeychainUtil.h */,
				3A7A796E271E113D009123F7 /* Info.plist */,
			);
			path = KeychainUtil;
			sourceTree = "<group>";
		};
		3A949A5F24545EF0007E7928 = {
			isa = PBXGroup;
			children = (
				3ABE68492716F6E40009EBE1 /* Multitool */,
				3A949AE12454621D007E7928 /* Sketches.xcodeproj */,
				3A7A7880271E113C009123F7 /* Utils */,
				3ABE684F2716FBF30009EBE1 /* FrameworkExtensions */,
				3A949B26245462BD007E7928 /* Testground */,
				3A949B25245462BD007E7928 /* Products */,
				3A949BF3245467E0007E7928 /* Frameworks */,
			);
			sourceTree = "<group>";
		};
		3A949AE22454621D007E7928 /* Products */ = {
			isa = PBXGroup;
			children = (
				3A5BD55225BC1FB700481A2B /* SketchesTestground */,
				3A7A7829271E0243009123F7 /* ExponentialGrowth */,
				3A7A782B271E0243009123F7 /* ValueProcessing */,
			);
			name = Products;
			sourceTree = "<group>";
		};
		3A949B25245462BD007E7928 /* Products */ = {
			isa = PBXGroup;
			children = (
				3A949B24245462BD007E7928 /* Testground */,
			);
			name = Products;
			sourceTree = "<group>";
		};
		3A949B26245462BD007E7928 /* Testground */ = {
			isa = PBXGroup;
			children = (
				3A949B27245462BD007E7928 /* main.swift */,
			);
			path = Testground;
			sourceTree = "<group>";
		};
		3A949BF3245467E0007E7928 /* Frameworks */ = {
			isa = PBXGroup;
			children = (
			);
			name = Frameworks;
			sourceTree = "<group>";
		};
		3ABE684F2716FBF30009EBE1 /* FrameworkExtensions */ = {
			isa = PBXGroup;
			children = (
				3A7A7822271E0242009123F7 /* CombineExtensions.xcodeproj */,
				3A7A7859271E02AF009123F7 /* SwiftUIExtensions.xcodeproj */,
				3A7A785C271E02B8009123F7 /* UIKitExtensions.xcodeproj */,
			);
			path = FrameworkExtensions;
			sourceTree = "<group>";
		};
/* End PBXGroup section */

/* Begin PBXNativeTarget section */
		3A949B23245462BD007E7928 /* Testground */ = {
			isa = PBXNativeTarget;
			buildConfigurationList = 3A949B29245462BD007E7928 /* Build configuration list for PBXNativeTarget "Testground" */;
			buildPhases = (
				3A949B20245462BD007E7928 /* Sources */,
				3A949B21245462BD007E7928 /* Frameworks */,
				3A949B22245462BD007E7928 /* CopyFiles */,
				3A949BFA245467E0007E7928 /* Embed Frameworks */,
			);
			buildRules = (
			);
			dependencies = (
			);
			name = Testground;
			packageProductDependencies = (
			);
			productName = Testground;
			productReference = 3A949B24245462BD007E7928 /* Testground */;
			productType = "com.apple.product-type.tool";
		};
/* End PBXNativeTarget section */

/* Begin PBXProject section */
		3A949A6024545EF0007E7928 /* Project object */ = {
			isa = PBXProject;
			attributes = {
				LastSwiftUpdateCheck = 1250;
				LastUpgradeCheck = 1200;
				TargetAttributes = {
					3A949B23245462BD007E7928 = {
						CreatedOnToolsVersion = 11.4;
					};
				};
			};
			buildConfigurationList = 3A949A6324545EF0007E7928 /* Build configuration list for PBXProject "MultitoolBox" */;
			compatibilityVersion = "Xcode 9.3";
			developmentRegion = en;
			hasScannedForEncodings = 0;
			knownRegions = (
				en,
				Base,
			);
			mainGroup = 3A949A5F24545EF0007E7928;
			productRefGroup = 3A949B25245462BD007E7928 /* Products */;
			projectDirPath = "";
			projectReferences = (
				{
					ProductGroup = 3A7A7823271E0242009123F7 /* Products */;
					ProjectRef = 3A7A7822271E0242009123F7 /* CombineExtensions.xcodeproj */;
				},
				{
					ProductGroup = 3A7A7943271E113D009123F7 /* Products */;
					ProjectRef = 3A7A7942271E113D009123F7 /* KeychainUtil.xcodeproj */;
				},
				{
					ProductGroup = 3A949AE22454621D007E7928 /* Products */;
					ProjectRef = 3A949AE12454621D007E7928 /* Sketches.xcodeproj */;
				},
				{
					ProductGroup = 3A7A785A271E02AF009123F7 /* Products */;
					ProjectRef = 3A7A7859271E02AF009123F7 /* SwiftUIExtensions.xcodeproj */;
				},
				{
					ProductGroup = 3A7A785D271E02B8009123F7 /* Products */;
					ProjectRef = 3A7A785C271E02B8009123F7 /* UIKitExtensions.xcodeproj */;
				},
				{
					ProductGroup = 3A7A7882271E113C009123F7 /* Products */;
					ProjectRef = 3A7A7881271E113C009123F7 /* Utils.xcodeproj */;
				},
			);
			projectRoot = "";
			targets = (
				3A949B23245462BD007E7928 /* Testground */,
			);
		};
/* End PBXProject section */

/* Begin PBXReferenceProxy section */
		3A5BD55225BC1FB700481A2B /* SketchesTestground */ = {
			isa = PBXReferenceProxy;
			fileType = "compiled.mach-o.executable";
			path = SketchesTestground;
			remoteRef = 3A5BD55125BC1FB700481A2B /* PBXContainerItemProxy */;
			sourceTree = BUILT_PRODUCTS_DIR;
		};
		3A7A7829271E0243009123F7 /* ExponentialGrowth */ = {
			isa = PBXReferenceProxy;
			fileType = "compiled.mach-o.executable";
			path = ExponentialGrowth;
			remoteRef = 3A7A7828271E0243009123F7 /* PBXContainerItemProxy */;
			sourceTree = BUILT_PRODUCTS_DIR;
		};
		3A7A782B271E0243009123F7 /* ValueProcessing */ = {
			isa = PBXReferenceProxy;
			fileType = "compiled.mach-o.executable";
			path = ValueProcessing;
			remoteRef = 3A7A782A271E0243009123F7 /* PBXContainerItemProxy */;
			sourceTree = BUILT_PRODUCTS_DIR;
		};
		3A7A7861271E02B8009123F7 /* UIKitExtensions.framework */ = {
			isa = PBXReferenceProxy;
			fileType = wrapper.framework;
			path = UIKitExtensions.framework;
			remoteRef = 3A7A7860271E02B8009123F7 /* PBXContainerItemProxy */;
			sourceTree = BUILT_PRODUCTS_DIR;
		};
		3A7A787B271E0512009123F7 /* CombineExtensionsTestground */ = {
			isa = PBXReferenceProxy;
			fileType = "compiled.mach-o.executable";
			path = CombineExtensionsTestground;
			remoteRef = 3A7A787A271E0512009123F7 /* PBXContainerItemProxy */;
			sourceTree = BUILT_PRODUCTS_DIR;
		};
		3A7A7972271E113D009123F7 /* KeychainUtilTestground */ = {
			isa = PBXReferenceProxy;
			fileType = "compiled.mach-o.executable";
			path = KeychainUtilTestground;
			remoteRef = 3A7A7971271E113D009123F7 /* PBXContainerItemProxy */;
			sourceTree = BUILT_PRODUCTS_DIR;
		};
		3A7A7974271E113D009123F7 /* KeychainUtil.framework */ = {
			isa = PBXReferenceProxy;
			fileType = wrapper.framework;
			path = KeychainUtil.framework;
			remoteRef = 3A7A7973271E113D009123F7 /* PBXContainerItemProxy */;
			sourceTree = BUILT_PRODUCTS_DIR;
		};
/* End PBXReferenceProxy section */

/* Begin PBXSourcesBuildPhase section */
		3A949B20245462BD007E7928 /* Sources */ = {
			isa = PBXSourcesBuildPhase;
			buildActionMask = 2147483647;
			files = (
				3A949B28245462BD007E7928 /* main.swift in Sources */,
			);
			runOnlyForDeploymentPostprocessing = 0;
		};
/* End PBXSourcesBuildPhase section */

/* Begin XCBuildConfiguration section */
		3A949A6424545EF0007E7928 /* Debug */ = {
			isa = XCBuildConfiguration;
			buildSettings = {
				CLANG_WARN_BLOCK_CAPTURE_AUTORELEASING = YES;
				CLANG_WARN_BOOL_CONVERSION = YES;
				CLANG_WARN_COMMA = YES;
				CLANG_WARN_CONSTANT_CONVERSION = YES;
				CLANG_WARN_DEPRECATED_OBJC_IMPLEMENTATIONS = YES;
				CLANG_WARN_EMPTY_BODY = YES;
				CLANG_WARN_ENUM_CONVERSION = YES;
				CLANG_WARN_INFINITE_RECURSION = YES;
				CLANG_WARN_INT_CONVERSION = YES;
				CLANG_WARN_NON_LITERAL_NULL_CONVERSION = YES;
				CLANG_WARN_OBJC_IMPLICIT_RETAIN_SELF = YES;
				CLANG_WARN_OBJC_LITERAL_CONVERSION = YES;
				CLANG_WARN_QUOTED_INCLUDE_IN_FRAMEWORK_HEADER = YES;
				CLANG_WARN_RANGE_LOOP_ANALYSIS = YES;
				CLANG_WARN_STRICT_PROTOTYPES = YES;
				CLANG_WARN_SUSPICIOUS_MOVE = YES;
				CLANG_WARN_UNREACHABLE_CODE = YES;
				CLANG_WARN__DUPLICATE_METHOD_MATCH = YES;
				ENABLE_STRICT_OBJC_MSGSEND = YES;
				ENABLE_TESTABILITY = YES;
				GCC_NO_COMMON_BLOCKS = YES;
				GCC_WARN_64_TO_32_BIT_CONVERSION = YES;
				GCC_WARN_ABOUT_RETURN_TYPE = YES;
				GCC_WARN_UNDECLARED_SELECTOR = YES;
				GCC_WARN_UNINITIALIZED_AUTOS = YES;
				GCC_WARN_UNUSED_FUNCTION = YES;
				GCC_WARN_UNUSED_VARIABLE = YES;
				ONLY_ACTIVE_ARCH = YES;
			};
			name = Debug;
		};
		3A949A6524545EF0007E7928 /* Release */ = {
			isa = XCBuildConfiguration;
			buildSettings = {
				CLANG_WARN_BLOCK_CAPTURE_AUTORELEASING = YES;
				CLANG_WARN_BOOL_CONVERSION = YES;
				CLANG_WARN_COMMA = YES;
				CLANG_WARN_CONSTANT_CONVERSION = YES;
				CLANG_WARN_DEPRECATED_OBJC_IMPLEMENTATIONS = YES;
				CLANG_WARN_EMPTY_BODY = YES;
				CLANG_WARN_ENUM_CONVERSION = YES;
				CLANG_WARN_INFINITE_RECURSION = YES;
				CLANG_WARN_INT_CONVERSION = YES;
				CLANG_WARN_NON_LITERAL_NULL_CONVERSION = YES;
				CLANG_WARN_OBJC_IMPLICIT_RETAIN_SELF = YES;
				CLANG_WARN_OBJC_LITERAL_CONVERSION = YES;
				CLANG_WARN_QUOTED_INCLUDE_IN_FRAMEWORK_HEADER = YES;
				CLANG_WARN_RANGE_LOOP_ANALYSIS = YES;
				CLANG_WARN_STRICT_PROTOTYPES = YES;
				CLANG_WARN_SUSPICIOUS_MOVE = YES;
				CLANG_WARN_UNREACHABLE_CODE = YES;
				CLANG_WARN__DUPLICATE_METHOD_MATCH = YES;
				ENABLE_STRICT_OBJC_MSGSEND = YES;
				GCC_NO_COMMON_BLOCKS = YES;
				GCC_WARN_64_TO_32_BIT_CONVERSION = YES;
				GCC_WARN_ABOUT_RETURN_TYPE = YES;
				GCC_WARN_UNDECLARED_SELECTOR = YES;
				GCC_WARN_UNINITIALIZED_AUTOS = YES;
				GCC_WARN_UNUSED_FUNCTION = YES;
				GCC_WARN_UNUSED_VARIABLE = YES;
			};
			name = Release;
		};
		3A949B2A245462BD007E7928 /* Debug */ = {
			isa = XCBuildConfiguration;
			buildSettings = {
				ALWAYS_SEARCH_USER_PATHS = NO;
				CLANG_ANALYZER_NONNULL = YES;
				CLANG_ANALYZER_NUMBER_OBJECT_CONVERSION = YES_AGGRESSIVE;
				CLANG_CXX_LANGUAGE_STANDARD = "gnu++14";
				CLANG_CXX_LIBRARY = "libc++";
				CLANG_ENABLE_MODULES = YES;
				CLANG_ENABLE_OBJC_ARC = YES;
				CLANG_ENABLE_OBJC_WEAK = YES;
				CLANG_WARN_BLOCK_CAPTURE_AUTORELEASING = YES;
				CLANG_WARN_BOOL_CONVERSION = YES;
				CLANG_WARN_COMMA = YES;
				CLANG_WARN_CONSTANT_CONVERSION = YES;
				CLANG_WARN_DEPRECATED_OBJC_IMPLEMENTATIONS = YES;
				CLANG_WARN_DIRECT_OBJC_ISA_USAGE = YES_ERROR;
				CLANG_WARN_DOCUMENTATION_COMMENTS = YES;
				CLANG_WARN_EMPTY_BODY = YES;
				CLANG_WARN_ENUM_CONVERSION = YES;
				CLANG_WARN_INFINITE_RECURSION = YES;
				CLANG_WARN_INT_CONVERSION = YES;
				CLANG_WARN_NON_LITERAL_NULL_CONVERSION = YES;
				CLANG_WARN_OBJC_IMPLICIT_RETAIN_SELF = YES;
				CLANG_WARN_OBJC_LITERAL_CONVERSION = YES;
				CLANG_WARN_OBJC_ROOT_CLASS = YES_ERROR;
				CLANG_WARN_RANGE_LOOP_ANALYSIS = YES;
				CLANG_WARN_STRICT_PROTOTYPES = YES;
				CLANG_WARN_SUSPICIOUS_MOVE = YES;
				CLANG_WARN_UNGUARDED_AVAILABILITY = YES_AGGRESSIVE;
				CLANG_WARN_UNREACHABLE_CODE = YES;
				CLANG_WARN__DUPLICATE_METHOD_MATCH = YES;
				CODE_SIGN_IDENTITY = "-";
				CODE_SIGN_STYLE = Automatic;
				COPY_PHASE_STRIP = NO;
				DEBUG_INFORMATION_FORMAT = dwarf;
				DEVELOPMENT_TEAM = 3HY2N64MXA;
				ENABLE_HARDENED_RUNTIME = YES;
				ENABLE_STRICT_OBJC_MSGSEND = YES;
				ENABLE_TESTABILITY = YES;
				GCC_C_LANGUAGE_STANDARD = gnu11;
				GCC_DYNAMIC_NO_PIC = NO;
				GCC_NO_COMMON_BLOCKS = YES;
				GCC_OPTIMIZATION_LEVEL = 0;
				GCC_PREPROCESSOR_DEFINITIONS = (
					"DEBUG=1",
					"$(inherited)",
				);
				GCC_WARN_64_TO_32_BIT_CONVERSION = YES;
				GCC_WARN_ABOUT_RETURN_TYPE = YES_ERROR;
				GCC_WARN_UNDECLARED_SELECTOR = YES;
				GCC_WARN_UNINITIALIZED_AUTOS = YES_AGGRESSIVE;
				GCC_WARN_UNUSED_FUNCTION = YES;
				GCC_WARN_UNUSED_VARIABLE = YES;
				MACOSX_DEPLOYMENT_TARGET = 11.0;
				MTL_ENABLE_DEBUG_INFO = INCLUDE_SOURCE;
				MTL_FAST_MATH = YES;
				ONLY_ACTIVE_ARCH = YES;
				PRODUCT_NAME = "$(TARGET_NAME)";
				SDKROOT = macosx;
				SWIFT_ACTIVE_COMPILATION_CONDITIONS = DEBUG;
				SWIFT_OPTIMIZATION_LEVEL = "-Onone";
				SWIFT_VERSION = 5.0;
			};
			name = Debug;
		};
		3A949B2B245462BD007E7928 /* Release */ = {
			isa = XCBuildConfiguration;
			buildSettings = {
				ALWAYS_SEARCH_USER_PATHS = NO;
				CLANG_ANALYZER_NONNULL = YES;
				CLANG_ANALYZER_NUMBER_OBJECT_CONVERSION = YES_AGGRESSIVE;
				CLANG_CXX_LANGUAGE_STANDARD = "gnu++14";
				CLANG_CXX_LIBRARY = "libc++";
				CLANG_ENABLE_MODULES = YES;
				CLANG_ENABLE_OBJC_ARC = YES;
				CLANG_ENABLE_OBJC_WEAK = YES;
				CLANG_WARN_BLOCK_CAPTURE_AUTORELEASING = YES;
				CLANG_WARN_BOOL_CONVERSION = YES;
				CLANG_WARN_COMMA = YES;
				CLANG_WARN_CONSTANT_CONVERSION = YES;
				CLANG_WARN_DEPRECATED_OBJC_IMPLEMENTATIONS = YES;
				CLANG_WARN_DIRECT_OBJC_ISA_USAGE = YES_ERROR;
				CLANG_WARN_DOCUMENTATION_COMMENTS = YES;
				CLANG_WARN_EMPTY_BODY = YES;
				CLANG_WARN_ENUM_CONVERSION = YES;
				CLANG_WARN_INFINITE_RECURSION = YES;
				CLANG_WARN_INT_CONVERSION = YES;
				CLANG_WARN_NON_LITERAL_NULL_CONVERSION = YES;
				CLANG_WARN_OBJC_IMPLICIT_RETAIN_SELF = YES;
				CLANG_WARN_OBJC_LITERAL_CONVERSION = YES;
				CLANG_WARN_OBJC_ROOT_CLASS = YES_ERROR;
				CLANG_WARN_RANGE_LOOP_ANALYSIS = YES;
				CLANG_WARN_STRICT_PROTOTYPES = YES;
				CLANG_WARN_SUSPICIOUS_MOVE = YES;
				CLANG_WARN_UNGUARDED_AVAILABILITY = YES_AGGRESSIVE;
				CLANG_WARN_UNREACHABLE_CODE = YES;
				CLANG_WARN__DUPLICATE_METHOD_MATCH = YES;
				CODE_SIGN_IDENTITY = "-";
				CODE_SIGN_STYLE = Automatic;
				COPY_PHASE_STRIP = NO;
				DEBUG_INFORMATION_FORMAT = "dwarf-with-dsym";
				DEVELOPMENT_TEAM = 3HY2N64MXA;
				ENABLE_HARDENED_RUNTIME = YES;
				ENABLE_NS_ASSERTIONS = NO;
				ENABLE_STRICT_OBJC_MSGSEND = YES;
				GCC_C_LANGUAGE_STANDARD = gnu11;
				GCC_NO_COMMON_BLOCKS = YES;
				GCC_WARN_64_TO_32_BIT_CONVERSION = YES;
				GCC_WARN_ABOUT_RETURN_TYPE = YES_ERROR;
				GCC_WARN_UNDECLARED_SELECTOR = YES;
				GCC_WARN_UNINITIALIZED_AUTOS = YES_AGGRESSIVE;
				GCC_WARN_UNUSED_FUNCTION = YES;
				GCC_WARN_UNUSED_VARIABLE = YES;
				MACOSX_DEPLOYMENT_TARGET = 11.0;
				MTL_ENABLE_DEBUG_INFO = NO;
				MTL_FAST_MATH = YES;
				PRODUCT_NAME = "$(TARGET_NAME)";
				SDKROOT = macosx;
				SWIFT_COMPILATION_MODE = wholemodule;
				SWIFT_OPTIMIZATION_LEVEL = "-O";
				SWIFT_VERSION = 5.0;
			};
			name = Release;
		};
/* End XCBuildConfiguration section */

/* Begin XCConfigurationList section */
		3A949A6324545EF0007E7928 /* Build configuration list for PBXProject "MultitoolBox" */ = {
			isa = XCConfigurationList;
			buildConfigurations = (
				3A949A6424545EF0007E7928 /* Debug */,
				3A949A6524545EF0007E7928 /* Release */,
			);
			defaultConfigurationIsVisible = 0;
			defaultConfigurationName = Release;
		};
		3A949B29245462BD007E7928 /* Build configuration list for PBXNativeTarget "Testground" */ = {
			isa = XCConfigurationList;
			buildConfigurations = (
				3A949B2A245462BD007E7928 /* Debug */,
				3A949B2B245462BD007E7928 /* Release */,
			);
			defaultConfigurationIsVisible = 0;
			defaultConfigurationName = Release;
		};
/* End XCConfigurationList section */
	};
	rootObject = 3A949A6024545EF0007E7928 /* Project object */;
}
