{
  "object": {
    "pins": [
      {
        "package": "AFExtensions",
        "repositoryURL": "https://github.com/AsioOtus/AFExtensions",
        "state": {
          "branch": "master",
          "revision": "53083feb60ec02f9371012a109d8d7569556c150",
          "version": null
        }
      },
      {
        "package": "CoreGraphicsShim",
        "repositoryURL": "https://github.com/Cosmo/CoreGraphicsShim.git",
        "state": {
          "branch": "master",
          "revision": "d2aec4b41d4f92371198b9a382f35749254f0a80",
          "version": null
        }
      },
      {
        "package": "Nivelir",
        "repositoryURL": "https://github.com/hhru/Nivelir",
        "state": {
          "branch": null,
          "revision": "ac50bf4b8ed28b1082d9df1335363e1656cc348d",
          "version": "1.1.1"
        }
      },
      {
        "package": "OpenSwiftUI",
        "repositoryURL": "https://github.com/Cosmo/OpenSwiftUI.git",
        "state": {
          "branch": "master",
          "revision": "5c2bb10daece998ba616c5fb0b3d89ddad3eeef2",
          "version": null
        }
      },
      {
        "package": "RxFlow",
        "repositoryURL": "https://github.com/RxSwiftCommunity/RxFlow",
        "state": {
          "branch": "main",
          "revision": "d8d4e53d05239f1ec1bd8bec173907868afa0fa1",
          "version": null
        }
      },
      {
        "package": "RxSwift",
        "repositoryURL": "https://github.com/ReactiveX/RxSwift",
        "state": {
          "branch": "main",
          "revision": "b48f2e9536cd985d912126709b97bd743e58c8fc",
          "version": null
        }
      },
      {
        "package": "SwiftUIKitView",
        "repositoryURL": "https://github.com/AvdLee/SwiftUIKitView",
        "state": {
          "branch": null,
          "revision": "296bf2ccb97efed44dea76622f4a10359ce22f6a",
          "version": "1.0.3"
        }
      }
    ]
  },
  "version": 1
}
