{
  "object": {
    "pins": [
      {
        "package": "AFExtensions",
        "repositoryURL": "https://github.com/AsioOtus/AFExtensions",
        "state": {
          "branch": "master",
          "revision": "53083feb60ec02f9371012a109d8d7569556c150",
          "version": null
        }
      },
      {
        "package": "Nivelir",
        "repositoryURL": "https://github.com/hhru/Nivelir",
        "state": {
          "branch": null,
          "revision": "ac50bf4b8ed28b1082d9df1335363e1656cc348d",
          "version": "1.1.1"
        }
      },
      {
        "package": "RxFlow",
        "repositoryURL": "https://github.com/RxSwiftCommunity/RxFlow",
        "state": {
          "branch": null,
          "revision": "8114d4781b9c5de693ed225cfb28ca3b695b023a",
          "version": "2.12.4"
        }
      },
      {
        "package": "RxSwift",
        "repositoryURL": "https://github.com/ReactiveX/RxSwift",
        "state": {
          "branch": "main",
          "revision": "b48f2e9536cd985d912126709b97bd743e58c8fc",
          "version": null
        }
      },
      {
        "package": "SwiftUIKitView",
        "repositoryURL": "https://github.com/AvdLee/SwiftUIKitView",
        "state": {
          "branch": null,
          "revision": "296bf2ccb97efed44dea76622f4a10359ce22f6a",
          "version": "1.0.3"
        }
      }
    ]
  },
  "version": 1
}
