// !$*UTF8*$!
{
	archiveVersion = 1;
	classes = {
	};
	objectVersion = 50;
	objects = {

/* Begin PBXContainerItemProxy section */
		3A02F781265EEDE8007432F9 /* PBXContainerItemProxy */ = {
			isa = PBXContainerItemProxy;
			containerPortal = 3A02F77C265EEDE8007432F9 /* KeychainUtil.xcodeproj */;
			proxyType = 2;
			remoteGlobalIDString = 3A211E51257E38060017229F;
			remoteInfo = KeychainUtilTestground;
		};
		3A02F783265EEDE8007432F9 /* PBXContainerItemProxy */ = {
			isa = PBXContainerItemProxy;
			containerPortal = 3A02F77C265EEDE8007432F9 /* KeychainUtil.xcodeproj */;
			proxyType = 2;
			remoteGlobalIDString = 3A0ADFAB25CAA52A001EEC70;
			remoteInfo = KeychainUtil;
		};
/* End PBXContainerItemProxy section */

/* Begin PBXFileReference section */
		3A02F77C265EEDE8007432F9 /* KeychainUtil.xcodeproj */ = {isa = PBXFileReference; lastKnownFileType = "wrapper.pb-project"; name = KeychainUtil.xcodeproj; path = KeychainUtil/KeychainUtil.xcodeproj; sourceTree = "<group>"; };
		3A0435D42695E67400F440B7 /* LoggingUtil */ = {isa = PBXFileReference; lastKnownFileType = folder; path = LoggingUtil; sourceTree = "<group>"; };
		3A0435D52695E67400F440B7 /* BaseNetworkUtil */ = {isa = PBXFileReference; lastKnownFileType = folder; path = BaseNetworkUtil; sourceTree = "<group>"; };
		3A0435D62695E67400F440B7 /* UserDefaultsUtil */ = {isa = PBXFileReference; lastKnownFileType = folder; path = UserDefaultsUtil; sourceTree = "<group>"; };
/* End PBXFileReference section */

/* Begin PBXGroup section */
		3A02F77D265EEDE8007432F9 /* Products */ = {
			isa = PBXGroup;
			children = (
				3A02F782265EEDE8007432F9 /* KeychainUtilTestground */,
				3A02F784265EEDE8007432F9 /* KeychainUtil.framework */,
			);
			name = Products;
			sourceTree = "<group>";
		};
		3A949AD024546211007E7928 = {
			isa = PBXGroup;
			children = (
				3A0435D52695E67400F440B7 /* BaseNetworkUtil */,
				3A0435D42695E67400F440B7 /* LoggingUtil */,
				3A0435D62695E67400F440B7 /* UserDefaultsUtil */,
				3A02F77C265EEDE8007432F9 /* KeychainUtil.xcodeproj */,
			);
			sourceTree = "<group>";
		};
/* End PBXGroup section */

/* Begin PBXProject section */
		3A949AD124546211007E7928 /* Project object */ = {
			isa = PBXProject;
			attributes = {
				LastUpgradeCheck = 1200;
			};
			buildConfigurationList = 3A949AD424546211007E7928 /* Build configuration list for PBXProject "Utils" */;
			compatibilityVersion = "Xcode 9.3";
			developmentRegion = en;
			hasScannedForEncodings = 0;
			knownRegions = (
				en,
				Base,
			);
			mainGroup = 3A949AD024546211007E7928;
			projectDirPath = "";
			projectReferences = (
				{
					ProductGroup = 3A02F77D265EEDE8007432F9 /* Products */;
					ProjectRef = 3A02F77C265EEDE8007432F9 /* KeychainUtil.xcodeproj */;
				},
			);
			projectRoot = "";
			targets = (
			);
		};
/* End PBXProject section */

/* Begin PBXReferenceProxy section */
		3A02F782265EEDE8007432F9 /* KeychainUtilTestground */ = {
			isa = PBXReferenceProxy;
			fileType = "compiled.mach-o.executable";
			path = KeychainUtilTestground;
			remoteRef = 3A02F781265EEDE8007432F9 /* PBXContainerItemProxy */;
			sourceTree = BUILT_PRODUCTS_DIR;
		};
		3A02F784265EEDE8007432F9 /* KeychainUtil.framework */ = {
			isa = PBXReferenceProxy;
			fileType = wrapper.framework;
			path = KeychainUtil.framework;
			remoteRef = 3A02F783265EEDE8007432F9 /* PBXContainerItemProxy */;
			sourceTree = BUILT_PRODUCTS_DIR;
		};
/* End PBXReferenceProxy section */

/* Begin XCBuildConfiguration section */
		3A949AD524546211007E7928 /* Debug */ = {
			isa = XCBuildConfiguration;
			buildSettings = {
				CLANG_WARN_BLOCK_CAPTURE_AUTORELEASING = YES;
				CLANG_WARN_BOOL_CONVERSION = YES;
				CLANG_WARN_COMMA = YES;
				CLANG_WARN_CONSTANT_CONVERSION = YES;
				CLANG_WARN_DEPRECATED_OBJC_IMPLEMENTATIONS = YES;
				CLANG_WARN_EMPTY_BODY = YES;
				CLANG_WARN_ENUM_CONVERSION = YES;
				CLANG_WARN_INFINITE_RECURSION = YES;
				CLANG_WARN_INT_CONVERSION = YES;
				CLANG_WARN_NON_LITERAL_NULL_CONVERSION = YES;
				CLANG_WARN_OBJC_IMPLICIT_RETAIN_SELF = YES;
				CLANG_WARN_OBJC_LITERAL_CONVERSION = YES;
				CLANG_WARN_QUOTED_INCLUDE_IN_FRAMEWORK_HEADER = YES;
				CLANG_WARN_RANGE_LOOP_ANALYSIS = YES;
				CLANG_WARN_STRICT_PROTOTYPES = YES;
				CLANG_WARN_SUSPICIOUS_MOVE = YES;
				CLANG_WARN_UNREACHABLE_CODE = YES;
				CLANG_WARN__DUPLICATE_METHOD_MATCH = YES;
				ENABLE_STRICT_OBJC_MSGSEND = YES;
				ENABLE_TESTABILITY = YES;
				GCC_NO_COMMON_BLOCKS = YES;
				GCC_WARN_64_TO_32_BIT_CONVERSION = YES;
				GCC_WARN_ABOUT_RETURN_TYPE = YES;
				GCC_WARN_UNDECLARED_SELECTOR = YES;
				GCC_WARN_UNINITIALIZED_AUTOS = YES;
				GCC_WARN_UNUSED_FUNCTION = YES;
				GCC_WARN_UNUSED_VARIABLE = YES;
				ONLY_ACTIVE_ARCH = YES;
			};
			name = Debug;
		};
		3A949AD624546211007E7928 /* Release */ = {
			isa = XCBuildConfiguration;
			buildSettings = {
				CLANG_WARN_BLOCK_CAPTURE_AUTORELEASING = YES;
				CLANG_WARN_BOOL_CONVERSION = YES;
				CLANG_WARN_COMMA = YES;
				CLANG_WARN_CONSTANT_CONVERSION = YES;
				CLANG_WARN_DEPRECATED_OBJC_IMPLEMENTATIONS = YES;
				CLANG_WARN_EMPTY_BODY = YES;
				CLANG_WARN_ENUM_CONVERSION = YES;
				CLANG_WARN_INFINITE_RECURSION = YES;
				CLANG_WARN_INT_CONVERSION = YES;
				CLANG_WARN_NON_LITERAL_NULL_CONVERSION = YES;
				CLANG_WARN_OBJC_IMPLICIT_RETAIN_SELF = YES;
				CLANG_WARN_OBJC_LITERAL_CONVERSION = YES;
				CLANG_WARN_QUOTED_INCLUDE_IN_FRAMEWORK_HEADER = YES;
				CLANG_WARN_RANGE_LOOP_ANALYSIS = YES;
				CLANG_WARN_STRICT_PROTOTYPES = YES;
				CLANG_WARN_SUSPICIOUS_MOVE = YES;
				CLANG_WARN_UNREACHABLE_CODE = YES;
				CLANG_WARN__DUPLICATE_METHOD_MATCH = YES;
				ENABLE_STRICT_OBJC_MSGSEND = YES;
				GCC_NO_COMMON_BLOCKS = YES;
				GCC_WARN_64_TO_32_BIT_CONVERSION = YES;
				GCC_WARN_ABOUT_RETURN_TYPE = YES;
				GCC_WARN_UNDECLARED_SELECTOR = YES;
				GCC_WARN_UNINITIALIZED_AUTOS = YES;
				GCC_WARN_UNUSED_FUNCTION = YES;
				GCC_WARN_UNUSED_VARIABLE = YES;
			};
			name = Release;
		};
/* End XCBuildConfiguration section */

/* Begin XCConfigurationList section */
		3A949AD424546211007E7928 /* Build configuration list for PBXProject "Utils" */ = {
			isa = XCConfigurationList;
			buildConfigurations = (
				3A949AD524546211007E7928 /* Debug */,
				3A949AD624546211007E7928 /* Release */,
			);
			defaultConfigurationIsVisible = 0;
			defaultConfigurationName = Release;
		};
/* End XCConfigurationList section */
	};
	rootObject = 3A949AD124546211007E7928 /* Project object */;
}
