// !$*UTF8*$!
{
	archiveVersion = 1;
	classes = {
	};
	objectVersion = 50;
	objects = {

/* Begin PBXBuildFile section */
		3A0D041B27188E4100D9474A /* main.swift in Sources */ = {isa = PBXBuildFile; fileRef = 3A0D041A27188E4100D9474A /* main.swift */; };
		3A0D04382719886200D9474A /* main.swift in Sources */ = {isa = PBXBuildFile; fileRef = 3A0D042F2718E0D000D9474A /* main.swift */; };
		3A0D04392719886200D9474A /* Map.swift in Sources */ = {isa = PBXBuildFile; fileRef = 3A0D0434271980F600D9474A /* Map.swift */; };
		3A1AA04F25A762F9005FEF1F /* main.swift in Sources */ = {isa = PBXBuildFile; fileRef = 3A1AA04E25A762F9005FEF1F /* main.swift */; };
		3A48558A2653E60F00440EDC /* PlainCard.DebugSymboler.swift in Sources */ = {isa = PBXBuildFile; fileRef = 3A4855892653E60F00440EDC /* PlainCard.DebugSymboler.swift */; };
		3A60A98D2653DFC10082A9D6 /* PlainCard.swift in Sources */ = {isa = PBXBuildFile; fileRef = 3A60A98C2653DFC10082A9D6 /* PlainCard.swift */; };
		3A60A9912653DFE20082A9D6 /* PlayingCard.swift in Sources */ = {isa = PBXBuildFile; fileRef = 3A60A9902653DFE20082A9D6 /* PlayingCard.swift */; };
		3A60A9942653DFF50082A9D6 /* PlainCard.Suit.swift in Sources */ = {isa = PBXBuildFile; fileRef = 3A60A9932653DFF50082A9D6 /* PlainCard.Suit.swift */; };
		3A60A9972653E00B0082A9D6 /* PlainCard.Rank.swift in Sources */ = {isa = PBXBuildFile; fileRef = 3A60A9962653E00B0082A9D6 /* PlainCard.Rank.swift */; };
		3A60A99A2653E0210082A9D6 /* JokerCard.swift in Sources */ = {isa = PBXBuildFile; fileRef = 3A60A9992653E0210082A9D6 /* JokerCard.swift */; };
		3A60A99E2653E0750082A9D6 /* Durak.swift in Sources */ = {isa = PBXBuildFile; fileRef = 3A60A99D2653E0750082A9D6 /* Durak.swift */; };
		3A60A9A22653E08C0082A9D6 /* Durak.Comparator.swift in Sources */ = {isa = PBXBuildFile; fileRef = 3A60A9A12653E08C0082A9D6 /* Durak.Comparator.swift */; };
		3A60A9A52653E0A00082A9D6 /* Durak.Card.swift in Sources */ = {isa = PBXBuildFile; fileRef = 3A60A9A42653E0A00082A9D6 /* Durak.Card.swift */; };
		3A60A9AA2653E0CB0082A9D6 /* JokerCard.EastSymboler.swift in Sources */ = {isa = PBXBuildFile; fileRef = 3A60A9A92653E0CB0082A9D6 /* JokerCard.EastSymboler.swift */; };
		3A60A9AF2653E0F00082A9D6 /* JokerCard.WestSymboler.swift in Sources */ = {isa = PBXBuildFile; fileRef = 3A60A9AE2653E0F00082A9D6 /* JokerCard.WestSymboler.swift */; };
		3A60A9B22653E1140082A9D6 /* PlainCard.WestSymboler.swift in Sources */ = {isa = PBXBuildFile; fileRef = 3A60A9B12653E1140082A9D6 /* PlainCard.WestSymboler.swift */; };
		3A60A9B52653E1260082A9D6 /* PlainCard.EastSymboler.swift in Sources */ = {isa = PBXBuildFile; fileRef = 3A60A9B42653E1260082A9D6 /* PlainCard.EastSymboler.swift */; };
		3AA5F747265148A100E30ABA /* Card.swift in Sources */ = {isa = PBXBuildFile; fileRef = 3AA5F7442651481E00E30ABA /* Card.swift */; };
		3AA5F74D2653C21000E30ABA /* AddressDiscoverer.swift in Sources */ = {isa = PBXBuildFile; fileRef = 3AA5F74C2653C21000E30ABA /* AddressDiscoverer.swift */; };
		3AB7DFA7264AB69B00286E09 /* test.m in Sources */ = {isa = PBXBuildFile; fileRef = 3AB7DFA6264AB69A00286E09 /* test.m */; };
/* End PBXBuildFile section */

/* Begin PBXCopyFilesBuildPhase section */
		3A0D041627188E4100D9474A /* CopyFiles */ = {
			isa = PBXCopyFilesBuildPhase;
			buildActionMask = 2147483647;
			dstPath = /usr/share/man/man1/;
			dstSubfolderSpec = 0;
			files = (
			);
			runOnlyForDeploymentPostprocessing = 1;
		};
		3A0D042B2718E0D000D9474A /* CopyFiles */ = {
			isa = PBXCopyFilesBuildPhase;
			buildActionMask = 2147483647;
			dstPath = /usr/share/man/man1/;
			dstSubfolderSpec = 0;
			files = (
			);
			runOnlyForDeploymentPostprocessing = 1;
		};
		3A1AA04A25A762F9005FEF1F /* CopyFiles */ = {
			isa = PBXCopyFilesBuildPhase;
			buildActionMask = 2147483647;
			dstPath = /usr/share/man/man1/;
			dstSubfolderSpec = 0;
			files = (
			);
			runOnlyForDeploymentPostprocessing = 1;
		};
/* End PBXCopyFilesBuildPhase section */

/* Begin PBXFileReference section */
		3A0D041827188E4100D9474A /* ExponentialGrowth */ = {isa = PBXFileReference; explicitFileType = "compiled.mach-o.executable"; includeInIndex = 0; path = ExponentialGrowth; sourceTree = BUILT_PRODUCTS_DIR; };
		3A0D041A27188E4100D9474A /* main.swift */ = {isa = PBXFileReference; lastKnownFileType = sourcecode.swift; path = main.swift; sourceTree = "<group>"; };
		3A0D042D2718E0D000D9474A /* ValueProcessing */ = {isa = PBXFileReference; explicitFileType = "compiled.mach-o.executable"; includeInIndex = 0; path = ValueProcessing; sourceTree = BUILT_PRODUCTS_DIR; };
		3A0D042F2718E0D000D9474A /* main.swift */ = {isa = PBXFileReference; lastKnownFileType = sourcecode.swift; path = main.swift; sourceTree = "<group>"; };
		3A0D0434271980F600D9474A /* Map.swift */ = {isa = PBXFileReference; lastKnownFileType = sourcecode.swift; path = Map.swift; sourceTree = "<group>"; };
		3A0D04362719847700D9474A /* Test.swift */ = {isa = PBXFileReference; lastKnownFileType = sourcecode.swift; path = Test.swift; sourceTree = "<group>"; };
		3A1AA04C25A762F9005FEF1F /* SketchesTestground */ = {isa = PBXFileReference; explicitFileType = "compiled.mach-o.executable"; includeInIndex = 0; path = SketchesTestground; sourceTree = BUILT_PRODUCTS_DIR; };
		3A1AA04E25A762F9005FEF1F /* main.swift */ = {isa = PBXFileReference; lastKnownFileType = sourcecode.swift; path = main.swift; sourceTree = "<group>"; };
		3A40A25225F00EB9002C0875 /* URLRequestStringConverter.swift */ = {isa = PBXFileReference; lastKnownFileType = sourcecode.swift; path = URLRequestStringConverter.swift; sourceTree = "<group>"; };
		3A4855892653E60F00440EDC /* PlainCard.DebugSymboler.swift */ = {isa = PBXFileReference; lastKnownFileType = sourcecode.swift; path = PlainCard.DebugSymboler.swift; sourceTree = "<group>"; };
		3A51DA2E25B1DB0D0066E836 /* CombineTest.swift */ = {isa = PBXFileReference; lastKnownFileType = sourcecode.swift; path = CombineTest.swift; sourceTree = "<group>"; };
		3A5BD51625BB73E100481A2B /* LogMessageFormat */ = {isa = PBXFileReference; lastKnownFileType = text; path = LogMessageFormat; sourceTree = "<group>"; };
		3A60A98C2653DFC10082A9D6 /* PlainCard.swift */ = {isa = PBXFileReference; lastKnownFileType = sourcecode.swift; path = PlainCard.swift; sourceTree = "<group>"; };
		3A60A9902653DFE20082A9D6 /* PlayingCard.swift */ = {isa = PBXFileReference; lastKnownFileType = sourcecode.swift; path = PlayingCard.swift; sourceTree = "<group>"; };
		3A60A9932653DFF50082A9D6 /* PlainCard.Suit.swift */ = {isa = PBXFileReference; lastKnownFileType = sourcecode.swift; path = PlainCard.Suit.swift; sourceTree = "<group>"; };
		3A60A9962653E00B0082A9D6 /* PlainCard.Rank.swift */ = {isa = PBXFileReference; lastKnownFileType = sourcecode.swift; path = PlainCard.Rank.swift; sourceTree = "<group>"; };
		3A60A9992653E0210082A9D6 /* JokerCard.swift */ = {isa = PBXFileReference; lastKnownFileType = sourcecode.swift; path = JokerCard.swift; sourceTree = "<group>"; };
		3A60A99D2653E0750082A9D6 /* Durak.swift */ = {isa = PBXFileReference; lastKnownFileType = sourcecode.swift; path = Durak.swift; sourceTree = "<group>"; };
		3A60A9A12653E08C0082A9D6 /* Durak.Comparator.swift */ = {isa = PBXFileReference; lastKnownFileType = sourcecode.swift; path = Durak.Comparator.swift; sourceTree = "<group>"; };
		3A60A9A42653E0A00082A9D6 /* Durak.Card.swift */ = {isa = PBXFileReference; lastKnownFileType = sourcecode.swift; path = Durak.Card.swift; sourceTree = "<group>"; };
		3A60A9A92653E0CB0082A9D6 /* JokerCard.EastSymboler.swift */ = {isa = PBXFileReference; lastKnownFileType = sourcecode.swift; path = JokerCard.EastSymboler.swift; sourceTree = "<group>"; };
		3A60A9AE2653E0F00082A9D6 /* JokerCard.WestSymboler.swift */ = {isa = PBXFileReference; lastKnownFileType = sourcecode.swift; path = JokerCard.WestSymboler.swift; sourceTree = "<group>"; };
		3A60A9B12653E1140082A9D6 /* PlainCard.WestSymboler.swift */ = {isa = PBXFileReference; lastKnownFileType = sourcecode.swift; path = PlainCard.WestSymboler.swift; sourceTree = "<group>"; };
		3A60A9B42653E1260082A9D6 /* PlainCard.EastSymboler.swift */ = {isa = PBXFileReference; lastKnownFileType = sourcecode.swift; path = PlainCard.EastSymboler.swift; sourceTree = "<group>"; };
		3A949B8C245464E6007E7928 /* ControllerLog.swift */ = {isa = PBXFileReference; lastKnownFileType = sourcecode.swift; path = ControllerLog.swift; sourceTree = "<group>"; };
		3A949B8D245464E6007E7928 /* Network.swift */ = {isa = PBXFileReference; lastKnownFileType = sourcecode.swift; path = Network.swift; sourceTree = "<group>"; };
		3A949B8E245464E6007E7928 /* Crypto.swift */ = {isa = PBXFileReference; lastKnownFileType = sourcecode.swift; path = Crypto.swift; sourceTree = "<group>"; };
		3A949B8F245464E6007E7928 /* RequestsTest.swift */ = {isa = PBXFileReference; lastKnownFileType = sourcecode.swift; path = RequestsTest.swift; sourceTree = "<group>"; };
		3A949B90245464E6007E7928 /* CryptoStructure.swift */ = {isa = PBXFileReference; lastKnownFileType = sourcecode.swift; path = CryptoStructure.swift; sourceTree = "<group>"; };
		3A949B91245464E6007E7928 /* NetworkStructure.swift */ = {isa = PBXFileReference; lastKnownFileType = sourcecode.swift; path = NetworkStructure.swift; sourceTree = "<group>"; };
		3A949B93245464E6007E7928 /* MobileIDNetworkStructure.swift */ = {isa = PBXFileReference; lastKnownFileType = sourcecode.swift; path = MobileIDNetworkStructure.swift; sourceTree = "<group>"; };
		3A949B94245464E6007E7928 /* Errors.swift */ = {isa = PBXFileReference; lastKnownFileType = sourcecode.swift; path = Errors.swift; sourceTree = "<group>"; };
		3AA5F7442651481E00E30ABA /* Card.swift */ = {isa = PBXFileReference; lastKnownFileType = sourcecode.swift; path = Card.swift; sourceTree = "<group>"; };
		3AA5F74C2653C21000E30ABA /* AddressDiscoverer.swift */ = {isa = PBXFileReference; lastKnownFileType = sourcecode.swift; path = AddressDiscoverer.swift; sourceTree = "<group>"; };
		3AA613142508249F00A54E2B /* Log.swift */ = {isa = PBXFileReference; lastKnownFileType = sourcecode.swift; path = Log.swift; sourceTree = "<group>"; };
		3AB7DFA5264AB69A00286E09 /* SketchesTestground-Bridging-Header.h */ = {isa = PBXFileReference; lastKnownFileType = sourcecode.c.h; path = "SketchesTestground-Bridging-Header.h"; sourceTree = "<group>"; };
		3AB7DFA6264AB69A00286E09 /* test.m */ = {isa = PBXFileReference; lastKnownFileType = sourcecode.c.objc; path = test.m; sourceTree = "<group>"; };
/* End PBXFileReference section */

/* Begin PBXFrameworksBuildPhase section */
		3A0D041527188E4100D9474A /* Frameworks */ = {
			isa = PBXFrameworksBuildPhase;
			buildActionMask = 2147483647;
			files = (
			);
			runOnlyForDeploymentPostprocessing = 0;
		};
		3A0D042A2718E0D000D9474A /* Frameworks */ = {
			isa = PBXFrameworksBuildPhase;
			buildActionMask = 2147483647;
			files = (
			);
			runOnlyForDeploymentPostprocessing = 0;
		};
		3A1AA04925A762F9005FEF1F /* Frameworks */ = {
			isa = PBXFrameworksBuildPhase;
			buildActionMask = 2147483647;
			files = (
			);
			runOnlyForDeploymentPostprocessing = 0;
		};
/* End PBXFrameworksBuildPhase section */

/* Begin PBXGroup section */
		3A0D041927188E4100D9474A /* ExponentialGrowth */ = {
			isa = PBXGroup;
			children = (
				3A0D041A27188E4100D9474A /* main.swift */,
			);
			path = ExponentialGrowth;
			sourceTree = "<group>";
		};
		3A0D042E2718E0D000D9474A /* ValueProcessing */ = {
			isa = PBXGroup;
			children = (
				3A0D042F2718E0D000D9474A /* main.swift */,
				3A0D0434271980F600D9474A /* Map.swift */,
				3A0D04362719847700D9474A /* Test.swift */,
			);
			path = ValueProcessing;
			sourceTree = "<group>";
		};
		3A1AA03E25A762A6005FEF1F /* Products */ = {
			isa = PBXGroup;
			children = (
				3A1AA04C25A762F9005FEF1F /* SketchesTestground */,
				3A0D041827188E4100D9474A /* ExponentialGrowth */,
				3A0D042D2718E0D000D9474A /* ValueProcessing */,
			);
			name = Products;
			sourceTree = "<group>";
		};
		3A1AA04D25A762F9005FEF1F /* SketchesTestground */ = {
			isa = PBXGroup;
			children = (
				3A1AA04E25A762F9005FEF1F /* main.swift */,
				3AB7DFA6264AB69A00286E09 /* test.m */,
				3AB7DFA5264AB69A00286E09 /* SketchesTestground-Bridging-Header.h */,
			);
			path = SketchesTestground;
			sourceTree = "<group>";
		};
		3A24CB8226C438DE0086E778 /* Frameworks */ = {
			isa = PBXGroup;
			children = (
			);
			name = Frameworks;
			sourceTree = "<group>";
		};
		3A60A98B2653DFB80082A9D6 /* Cards */ = {
			isa = PBXGroup;
			children = (
				3A60A9A82653E0B70082A9D6 /* JokerCard */,
				3A60A9A72653E0AC0082A9D6 /* PlainCard */,
				3A60A99C2653E06E0082A9D6 /* Durak */,
				3A60A9902653DFE20082A9D6 /* PlayingCard.swift */,
			);
			path = Cards;
			sourceTree = "<group>";
		};
		3A60A99C2653E06E0082A9D6 /* Durak */ = {
			isa = PBXGroup;
			children = (
				3A60A99D2653E0750082A9D6 /* Durak.swift */,
				3A60A9A12653E08C0082A9D6 /* Durak.Comparator.swift */,
				3A60A9A42653E0A00082A9D6 /* Durak.Card.swift */,
			);
			path = Durak;
			sourceTree = "<group>";
		};
		3A60A9A72653E0AC0082A9D6 /* PlainCard */ = {
			isa = PBXGroup;
			children = (
				3A60A98C2653DFC10082A9D6 /* PlainCard.swift */,
				3A60A9932653DFF50082A9D6 /* PlainCard.Suit.swift */,
				3A60A9962653E00B0082A9D6 /* PlainCard.Rank.swift */,
				3A60A9B12653E1140082A9D6 /* PlainCard.WestSymboler.swift */,
				3A60A9B42653E1260082A9D6 /* PlainCard.EastSymboler.swift */,
				3A4855892653E60F00440EDC /* PlainCard.DebugSymboler.swift */,
			);
			path = PlainCard;
			sourceTree = "<group>";
		};
		3A60A9A82653E0B70082A9D6 /* JokerCard */ = {
			isa = PBXGroup;
			children = (
				3A60A9992653E0210082A9D6 /* JokerCard.swift */,
				3A60A9A92653E0CB0082A9D6 /* JokerCard.EastSymboler.swift */,
				3A60A9AE2653E0F00082A9D6 /* JokerCard.WestSymboler.swift */,
			);
			path = JokerCard;
			sourceTree = "<group>";
		};
		3A949ADA2454621D007E7928 = {
			isa = PBXGroup;
			children = (
				3A949B8B245464E6007E7928 /* Source */,
				3A1AA04D25A762F9005FEF1F /* SketchesTestground */,
				3A0D041927188E4100D9474A /* ExponentialGrowth */,
				3A0D042E2718E0D000D9474A /* ValueProcessing */,
				3A1AA03E25A762A6005FEF1F /* Products */,
				3A24CB8226C438DE0086E778 /* Frameworks */,
			);
			sourceTree = "<group>";
		};
		3A949B8B245464E6007E7928 /* Source */ = {
			isa = PBXGroup;
			children = (
				3A60A98B2653DFB80082A9D6 /* Cards */,
				3A949B8C245464E6007E7928 /* ControllerLog.swift */,
				3A949B8E245464E6007E7928 /* Crypto.swift */,
				3A949B90245464E6007E7928 /* CryptoStructure.swift */,
				3A949B94245464E6007E7928 /* Errors.swift */,
				3AA613142508249F00A54E2B /* Log.swift */,
				3A949B93245464E6007E7928 /* MobileIDNetworkStructure.swift */,
				3A949B8D245464E6007E7928 /* Network.swift */,
				3A949B91245464E6007E7928 /* NetworkStructure.swift */,
				3A949B8F245464E6007E7928 /* RequestsTest.swift */,
				3A51DA2E25B1DB0D0066E836 /* CombineTest.swift */,
				3A5BD51625BB73E100481A2B /* LogMessageFormat */,
				3A40A25225F00EB9002C0875 /* URLRequestStringConverter.swift */,
				3AA5F7442651481E00E30ABA /* Card.swift */,
				3AA5F74C2653C21000E30ABA /* AddressDiscoverer.swift */,
			);
			path = Source;
			sourceTree = "<group>";
		};
/* End PBXGroup section */

/* Begin PBXNativeTarget section */
		3A0D041727188E4100D9474A /* ExponentialGrowth */ = {
			isa = PBXNativeTarget;
			buildConfigurationList = 3A0D041E27188E4100D9474A /* Build configuration list for PBXNativeTarget "ExponentialGrowth" */;
			buildPhases = (
				3A0D041427188E4100D9474A /* Sources */,
				3A0D041527188E4100D9474A /* Frameworks */,
				3A0D041627188E4100D9474A /* CopyFiles */,
			);
			buildRules = (
			);
			dependencies = (
			);
			name = ExponentialGrowth;
			productName = "ExponentialПrowth";
			productReference = 3A0D041827188E4100D9474A /* ExponentialGrowth */;
			productType = "com.apple.product-type.tool";
		};
		3A0D042C2718E0D000D9474A /* ValueProcessing */ = {
			isa = PBXNativeTarget;
			buildConfigurationList = 3A0D04312718E0D000D9474A /* Build configuration list for PBXNativeTarget "ValueProcessing" */;
			buildPhases = (
				3A0D04292718E0D000D9474A /* Sources */,
				3A0D042A2718E0D000D9474A /* Frameworks */,
				3A0D042B2718E0D000D9474A /* CopyFiles */,
			);
			buildRules = (
			);
			dependencies = (
			);
			name = ValueProcessing;
			productName = ValueProcessing;
			productReference = 3A0D042D2718E0D000D9474A /* ValueProcessing */;
			productType = "com.apple.product-type.tool";
		};
		3A1AA04B25A762F9005FEF1F /* SketchesTestground */ = {
			isa = PBXNativeTarget;
			buildConfigurationList = 3A1AA05025A762F9005FEF1F /* Build configuration list for PBXNativeTarget "SketchesTestground" */;
			buildPhases = (
				3A1AA04825A762F9005FEF1F /* Sources */,
				3A1AA04925A762F9005FEF1F /* Frameworks */,
				3A1AA04A25A762F9005FEF1F /* CopyFiles */,
			);
			buildRules = (
			);
			dependencies = (
			);
			name = SketchesTestground;
			packageProductDependencies = (
			);
			productName = SketchesTestground;
			productReference = 3A1AA04C25A762F9005FEF1F /* SketchesTestground */;
			productType = "com.apple.product-type.tool";
		};
/* End PBXNativeTarget section */

/* Begin PBXProject section */
		3A949ADB2454621D007E7928 /* Project object */ = {
			isa = PBXProject;
			attributes = {
				LastSwiftUpdateCheck = 1300;
				LastUpgradeCheck = 1200;
				TargetAttributes = {
					3A0D041727188E4100D9474A = {
						CreatedOnToolsVersion = 13.0;
					};
					3A0D042C2718E0D000D9474A = {
						CreatedOnToolsVersion = 13.0;
					};
					3A1AA04B25A762F9005FEF1F = {
						CreatedOnToolsVersion = 12.2;
						LastSwiftMigration = 1240;
					};
				};
			};
			buildConfigurationList = 3A949ADE2454621D007E7928 /* Build configuration list for PBXProject "Sketches" */;
			compatibilityVersion = "Xcode 9.3";
			developmentRegion = en;
			hasScannedForEncodings = 0;
			knownRegions = (
				en,
				Base,
			);
			mainGroup = 3A949ADA2454621D007E7928;
			packageReferences = (
			);
			productRefGroup = 3A1AA03E25A762A6005FEF1F /* Products */;
			projectDirPath = "";
			projectRoot = "";
			targets = (
				3A1AA04B25A762F9005FEF1F /* SketchesTestground */,
				3A0D041727188E4100D9474A /* ExponentialGrowth */,
				3A0D042C2718E0D000D9474A /* ValueProcessing */,
			);
		};
/* End PBXProject section */

/* Begin PBXSourcesBuildPhase section */
		3A0D041427188E4100D9474A /* Sources */ = {
			isa = PBXSourcesBuildPhase;
			buildActionMask = 2147483647;
			files = (
				3A0D041B27188E4100D9474A /* main.swift in Sources */,
			);
			runOnlyForDeploymentPostprocessing = 0;
		};
		3A0D04292718E0D000D9474A /* Sources */ = {
			isa = PBXSourcesBuildPhase;
			buildActionMask = 2147483647;
			files = (
				3A0D04392719886200D9474A /* Map.swift in Sources */,
				3A0D04382719886200D9474A /* main.swift in Sources */,
			);
			runOnlyForDeploymentPostprocessing = 0;
		};
		3A1AA04825A762F9005FEF1F /* Sources */ = {
			isa = PBXSourcesBuildPhase;
			buildActionMask = 2147483647;
			files = (
				3A60A9AA2653E0CB0082A9D6 /* JokerCard.EastSymboler.swift in Sources */,
				3A1AA04F25A762F9005FEF1F /* main.swift in Sources */,
				3A60A9AF2653E0F00082A9D6 /* JokerCard.WestSymboler.swift in Sources */,
				3A60A99E2653E0750082A9D6 /* Durak.swift in Sources */,
				3A60A9B22653E1140082A9D6 /* PlainCard.WestSymboler.swift in Sources */,
				3A60A9942653DFF50082A9D6 /* PlainCard.Suit.swift in Sources */,
				3AA5F747265148A100E30ABA /* Card.swift in Sources */,
				3A48558A2653E60F00440EDC /* PlainCard.DebugSymboler.swift in Sources */,
				3AA5F74D2653C21000E30ABA /* AddressDiscoverer.swift in Sources */,
				3A60A98D2653DFC10082A9D6 /* PlainCard.swift in Sources */,
				3A60A9A52653E0A00082A9D6 /* Durak.Card.swift in Sources */,
				3A60A9912653DFE20082A9D6 /* PlayingCard.swift in Sources */,
				3AB7DFA7264AB69B00286E09 /* test.m in Sources */,
				3A60A9972653E00B0082A9D6 /* PlainCard.Rank.swift in Sources */,
				3A60A9B52653E1260082A9D6 /* PlainCard.EastSymboler.swift in Sources */,
				3A60A99A2653E0210082A9D6 /* JokerCard.swift in Sources */,
				3A60A9A22653E08C0082A9D6 /* Durak.Comparator.swift in Sources */,
			);
			runOnlyForDeploymentPostprocessing = 0;
		};
/* End PBXSourcesBuildPhase section */

/* Begin XCBuildConfiguration section */
		3A0D041C27188E4100D9474A /* Debug */ = {
			isa = XCBuildConfiguration;
			buildSettings = {
				ALWAYS_SEARCH_USER_PATHS = NO;
				CLANG_ANALYZER_NONNULL = YES;
				CLANG_ANALYZER_NUMBER_OBJECT_CONVERSION = YES_AGGRESSIVE;
				CLANG_CXX_LANGUAGE_STANDARD = "gnu++17";
				CLANG_CXX_LIBRARY = "libc++";
				CLANG_ENABLE_MODULES = YES;
				CLANG_ENABLE_OBJC_ARC = YES;
				CLANG_ENABLE_OBJC_WEAK = YES;
				CLANG_WARN_DIRECT_OBJC_ISA_USAGE = YES_ERROR;
				CLANG_WARN_DOCUMENTATION_COMMENTS = YES;
				CLANG_WARN_OBJC_ROOT_CLASS = YES_ERROR;
				CLANG_WARN_UNGUARDED_AVAILABILITY = YES_AGGRESSIVE;
				CODE_SIGN_STYLE = Automatic;
				COPY_PHASE_STRIP = NO;
				DEBUG_INFORMATION_FORMAT = dwarf;
				DEVELOPMENT_TEAM = 3HY2N64MXA;
				ENABLE_HARDENED_RUNTIME = YES;
				GCC_C_LANGUAGE_STANDARD = gnu11;
				GCC_DYNAMIC_NO_PIC = NO;
				GCC_OPTIMIZATION_LEVEL = 0;
				GCC_PREPROCESSOR_DEFINITIONS = (
					"DEBUG=1",
					"$(inherited)",
				);
				GCC_WARN_ABOUT_RETURN_TYPE = YES_ERROR;
				GCC_WARN_UNINITIALIZED_AUTOS = YES_AGGRESSIVE;
				MACOSX_DEPLOYMENT_TARGET = 11.3;
				MTL_ENABLE_DEBUG_INFO = INCLUDE_SOURCE;
				MTL_FAST_MATH = YES;
				PRODUCT_NAME = "$(TARGET_NAME)";
				SDKROOT = macosx;
				SWIFT_ACTIVE_COMPILATION_CONDITIONS = DEBUG;
				SWIFT_OPTIMIZATION_LEVEL = "-Onone";
				SWIFT_VERSION = 5.0;
			};
			name = Debug;
		};
		3A0D041D27188E4100D9474A /* Release */ = {
			isa = XCBuildConfiguration;
			buildSettings = {
				ALWAYS_SEARCH_USER_PATHS = NO;
				CLANG_ANALYZER_NONNULL = YES;
				CLANG_ANALYZER_NUMBER_OBJECT_CONVERSION = YES_AGGRESSIVE;
				CLANG_CXX_LANGUAGE_STANDARD = "gnu++17";
				CLANG_CXX_LIBRARY = "libc++";
				CLANG_ENABLE_MODULES = YES;
				CLANG_ENABLE_OBJC_ARC = YES;
				CLANG_ENABLE_OBJC_WEAK = YES;
				CLANG_WARN_DIRECT_OBJC_ISA_USAGE = YES_ERROR;
				CLANG_WARN_DOCUMENTATION_COMMENTS = YES;
				CLANG_WARN_OBJC_ROOT_CLASS = YES_ERROR;
				CLANG_WARN_UNGUARDED_AVAILABILITY = YES_AGGRESSIVE;
				CODE_SIGN_STYLE = Automatic;
				COPY_PHASE_STRIP = NO;
				DEBUG_INFORMATION_FORMAT = "dwarf-with-dsym";
				DEVELOPMENT_TEAM = 3HY2N64MXA;
				ENABLE_HARDENED_RUNTIME = YES;
				ENABLE_NS_ASSERTIONS = NO;
				GCC_C_LANGUAGE_STANDARD = gnu11;
				GCC_WARN_ABOUT_RETURN_TYPE = YES_ERROR;
				GCC_WARN_UNINITIALIZED_AUTOS = YES_AGGRESSIVE;
				MACOSX_DEPLOYMENT_TARGET = 11.3;
				MTL_ENABLE_DEBUG_INFO = NO;
				MTL_FAST_MATH = YES;
				PRODUCT_NAME = "$(TARGET_NAME)";
				SDKROOT = macosx;
				SWIFT_COMPILATION_MODE = wholemodule;
				SWIFT_OPTIMIZATION_LEVEL = "-O";
				SWIFT_VERSION = 5.0;
			};
			name = Release;
		};
		3A0D04322718E0D000D9474A /* Debug */ = {
			isa = XCBuildConfiguration;
			buildSettings = {
				ALWAYS_SEARCH_USER_PATHS = NO;
				CLANG_ANALYZER_NONNULL = YES;
				CLANG_ANALYZER_NUMBER_OBJECT_CONVERSION = YES_AGGRESSIVE;
				CLANG_CXX_LANGUAGE_STANDARD = "gnu++17";
				CLANG_CXX_LIBRARY = "libc++";
				CLANG_ENABLE_MODULES = YES;
				CLANG_ENABLE_OBJC_ARC = YES;
				CLANG_ENABLE_OBJC_WEAK = YES;
				CLANG_WARN_DIRECT_OBJC_ISA_USAGE = YES_ERROR;
				CLANG_WARN_DOCUMENTATION_COMMENTS = YES;
				CLANG_WARN_OBJC_ROOT_CLASS = YES_ERROR;
				CLANG_WARN_UNGUARDED_AVAILABILITY = YES_AGGRESSIVE;
				CODE_SIGN_STYLE = Automatic;
				COPY_PHASE_STRIP = NO;
				DEBUG_INFORMATION_FORMAT = dwarf;
				DEVELOPMENT_TEAM = 3HY2N64MXA;
				ENABLE_HARDENED_RUNTIME = YES;
				GCC_C_LANGUAGE_STANDARD = gnu11;
				GCC_DYNAMIC_NO_PIC = NO;
				GCC_OPTIMIZATION_LEVEL = 0;
				GCC_PREPROCESSOR_DEFINITIONS = (
					"DEBUG=1",
					"$(inherited)",
				);
				GCC_WARN_ABOUT_RETURN_TYPE = YES_ERROR;
				GCC_WARN_UNINITIALIZED_AUTOS = YES_AGGRESSIVE;
				MACOSX_DEPLOYMENT_TARGET = 11.3;
				MTL_ENABLE_DEBUG_INFO = INCLUDE_SOURCE;
				MTL_FAST_MATH = YES;
				PRODUCT_NAME = "$(TARGET_NAME)";
				SDKROOT = macosx;
				SWIFT_ACTIVE_COMPILATION_CONDITIONS = DEBUG;
				SWIFT_OPTIMIZATION_LEVEL = "-Onone";
				SWIFT_VERSION = 5.0;
			};
			name = Debug;
		};
		3A0D04332718E0D000D9474A /* Release */ = {
			isa = XCBuildConfiguration;
			buildSettings = {
				ALWAYS_SEARCH_USER_PATHS = NO;
				CLANG_ANALYZER_NONNULL = YES;
				CLANG_ANALYZER_NUMBER_OBJECT_CONVERSION = YES_AGGRESSIVE;
				CLANG_CXX_LANGUAGE_STANDARD = "gnu++17";
				CLANG_CXX_LIBRARY = "libc++";
				CLANG_ENABLE_MODULES = YES;
				CLANG_ENABLE_OBJC_ARC = YES;
				CLANG_ENABLE_OBJC_WEAK = YES;
				CLANG_WARN_DIRECT_OBJC_ISA_USAGE = YES_ERROR;
				CLANG_WARN_DOCUMENTATION_COMMENTS = YES;
				CLANG_WARN_OBJC_ROOT_CLASS = YES_ERROR;
				CLANG_WARN_UNGUARDED_AVAILABILITY = YES_AGGRESSIVE;
				CODE_SIGN_STYLE = Automatic;
				COPY_PHASE_STRIP = NO;
				DEBUG_INFORMATION_FORMAT = "dwarf-with-dsym";
				DEVELOPMENT_TEAM = 3HY2N64MXA;
				ENABLE_HARDENED_RUNTIME = YES;
				ENABLE_NS_ASSERTIONS = NO;
				GCC_C_LANGUAGE_STANDARD = gnu11;
				GCC_WARN_ABOUT_RETURN_TYPE = YES_ERROR;
				GCC_WARN_UNINITIALIZED_AUTOS = YES_AGGRESSIVE;
				MACOSX_DEPLOYMENT_TARGET = 11.3;
				MTL_ENABLE_DEBUG_INFO = NO;
				MTL_FAST_MATH = YES;
				PRODUCT_NAME = "$(TARGET_NAME)";
				SDKROOT = macosx;
				SWIFT_COMPILATION_MODE = wholemodule;
				SWIFT_OPTIMIZATION_LEVEL = "-O";
				SWIFT_VERSION = 5.0;
			};
			name = Release;
		};
		3A1AA05125A762F9005FEF1F /* Debug */ = {
			isa = XCBuildConfiguration;
			buildSettings = {
				ALWAYS_SEARCH_USER_PATHS = NO;
				CLANG_ANALYZER_NONNULL = YES;
				CLANG_ANALYZER_NUMBER_OBJECT_CONVERSION = YES_AGGRESSIVE;
				CLANG_CXX_LANGUAGE_STANDARD = "gnu++14";
				CLANG_CXX_LIBRARY = "libc++";
				CLANG_ENABLE_MODULES = YES;
				CLANG_ENABLE_OBJC_ARC = YES;
				CLANG_ENABLE_OBJC_WEAK = YES;
				CLANG_WARN_DIRECT_OBJC_ISA_USAGE = YES_ERROR;
				CLANG_WARN_DOCUMENTATION_COMMENTS = YES;
				CLANG_WARN_OBJC_ROOT_CLASS = YES_ERROR;
				CLANG_WARN_UNGUARDED_AVAILABILITY = YES_AGGRESSIVE;
				CODE_SIGN_IDENTITY = "Apple Development";
				CODE_SIGN_STYLE = Automatic;
				COPY_PHASE_STRIP = NO;
				DEBUG_INFORMATION_FORMAT = dwarf;
				DEVELOPMENT_TEAM = 3HY2N64MXA;
				ENABLE_HARDENED_RUNTIME = YES;
				GCC_C_LANGUAGE_STANDARD = gnu11;
				GCC_DYNAMIC_NO_PIC = NO;
				GCC_OPTIMIZATION_LEVEL = 0;
				GCC_PREPROCESSOR_DEFINITIONS = (
					"DEBUG=1",
					"$(inherited)",
				);
				GCC_WARN_ABOUT_RETURN_TYPE = YES_ERROR;
				GCC_WARN_UNINITIALIZED_AUTOS = YES_AGGRESSIVE;
				LD_RUNPATH_SEARCH_PATHS = (
					"$(inherited)",
					"@executable_path/../Frameworks",
					"@loader_path/../Frameworks",
				);
				MACOSX_DEPLOYMENT_TARGET = 11.0;
				MTL_ENABLE_DEBUG_INFO = INCLUDE_SOURCE;
				MTL_FAST_MATH = YES;
				PRODUCT_NAME = "$(TARGET_NAME)";
				PROVISIONING_PROFILE_SPECIFIER = "";
				SDKROOT = macosx;
				SWIFT_ACTIVE_COMPILATION_CONDITIONS = DEBUG;
				SWIFT_OBJC_BRIDGING_HEADER = "SketchesTestground/SketchesTestground-Bridging-Header.h";
				SWIFT_OPTIMIZATION_LEVEL = "-Onone";
				SWIFT_VERSION = 5.0;
			};
			name = Debug;
		};
		3A1AA05225A762F9005FEF1F /* Release */ = {
			isa = XCBuildConfiguration;
			buildSettings = {
				ALWAYS_SEARCH_USER_PATHS = NO;
				CLANG_ANALYZER_NONNULL = YES;
				CLANG_ANALYZER_NUMBER_OBJECT_CONVERSION = YES_AGGRESSIVE;
				CLANG_CXX_LANGUAGE_STANDARD = "gnu++14";
				CLANG_CXX_LIBRARY = "libc++";
				CLANG_ENABLE_MODULES = YES;
				CLANG_ENABLE_OBJC_ARC = YES;
				CLANG_ENABLE_OBJC_WEAK = YES;
				CLANG_WARN_DIRECT_OBJC_ISA_USAGE = YES_ERROR;
				CLANG_WARN_DOCUMENTATION_COMMENTS = YES;
				CLANG_WARN_OBJC_ROOT_CLASS = YES_ERROR;
				CLANG_WARN_UNGUARDED_AVAILABILITY = YES_AGGRESSIVE;
				CODE_SIGN_IDENTITY = "Apple Development";
				CODE_SIGN_STYLE = Automatic;
				COPY_PHASE_STRIP = NO;
				DEBUG_INFORMATION_FORMAT = "dwarf-with-dsym";
				DEVELOPMENT_TEAM = 3HY2N64MXA;
				ENABLE_HARDENED_RUNTIME = YES;
				ENABLE_NS_ASSERTIONS = NO;
				GCC_C_LANGUAGE_STANDARD = gnu11;
				GCC_WARN_ABOUT_RETURN_TYPE = YES_ERROR;
				GCC_WARN_UNINITIALIZED_AUTOS = YES_AGGRESSIVE;
				LD_RUNPATH_SEARCH_PATHS = (
					"$(inherited)",
					"@executable_path/../Frameworks",
					"@loader_path/../Frameworks",
				);
				MACOSX_DEPLOYMENT_TARGET = 11.0;
				MTL_ENABLE_DEBUG_INFO = NO;
				MTL_FAST_MATH = YES;
				PRODUCT_NAME = "$(TARGET_NAME)";
				PROVISIONING_PROFILE_SPECIFIER = "";
				SDKROOT = macosx;
				SWIFT_COMPILATION_MODE = wholemodule;
				SWIFT_OBJC_BRIDGING_HEADER = "SketchesTestground/SketchesTestground-Bridging-Header.h";
				SWIFT_OPTIMIZATION_LEVEL = "-O";
				SWIFT_VERSION = 5.0;
			};
			name = Release;
		};
		3A949ADF2454621D007E7928 /* Debug */ = {
			isa = XCBuildConfiguration;
			buildSettings = {
				CLANG_WARN_BLOCK_CAPTURE_AUTORELEASING = YES;
				CLANG_WARN_BOOL_CONVERSION = YES;
				CLANG_WARN_COMMA = YES;
				CLANG_WARN_CONSTANT_CONVERSION = YES;
				CLANG_WARN_DEPRECATED_OBJC_IMPLEMENTATIONS = YES;
				CLANG_WARN_EMPTY_BODY = YES;
				CLANG_WARN_ENUM_CONVERSION = YES;
				CLANG_WARN_INFINITE_RECURSION = YES;
				CLANG_WARN_INT_CONVERSION = YES;
				CLANG_WARN_NON_LITERAL_NULL_CONVERSION = YES;
				CLANG_WARN_OBJC_IMPLICIT_RETAIN_SELF = YES;
				CLANG_WARN_OBJC_LITERAL_CONVERSION = YES;
				CLANG_WARN_QUOTED_INCLUDE_IN_FRAMEWORK_HEADER = YES;
				CLANG_WARN_RANGE_LOOP_ANALYSIS = YES;
				CLANG_WARN_STRICT_PROTOTYPES = YES;
				CLANG_WARN_SUSPICIOUS_MOVE = YES;
				CLANG_WARN_UNREACHABLE_CODE = YES;
				CLANG_WARN__DUPLICATE_METHOD_MATCH = YES;
				ENABLE_STRICT_OBJC_MSGSEND = YES;
				ENABLE_TESTABILITY = YES;
				GCC_NO_COMMON_BLOCKS = YES;
				GCC_WARN_64_TO_32_BIT_CONVERSION = YES;
				GCC_WARN_ABOUT_RETURN_TYPE = YES;
				GCC_WARN_UNDECLARED_SELECTOR = YES;
				GCC_WARN_UNINITIALIZED_AUTOS = YES;
				GCC_WARN_UNUSED_FUNCTION = YES;
				GCC_WARN_UNUSED_VARIABLE = YES;
				ONLY_ACTIVE_ARCH = YES;
			};
			name = Debug;
		};
		3A949AE02454621D007E7928 /* Release */ = {
			isa = XCBuildConfiguration;
			buildSettings = {
				CLANG_WARN_BLOCK_CAPTURE_AUTORELEASING = YES;
				CLANG_WARN_BOOL_CONVERSION = YES;
				CLANG_WARN_COMMA = YES;
				CLANG_WARN_CONSTANT_CONVERSION = YES;
				CLANG_WARN_DEPRECATED_OBJC_IMPLEMENTATIONS = YES;
				CLANG_WARN_EMPTY_BODY = YES;
				CLANG_WARN_ENUM_CONVERSION = YES;
				CLANG_WARN_INFINITE_RECURSION = YES;
				CLANG_WARN_INT_CONVERSION = YES;
				CLANG_WARN_NON_LITERAL_NULL_CONVERSION = YES;
				CLANG_WARN_OBJC_IMPLICIT_RETAIN_SELF = YES;
				CLANG_WARN_OBJC_LITERAL_CONVERSION = YES;
				CLANG_WARN_QUOTED_INCLUDE_IN_FRAMEWORK_HEADER = YES;
				CLANG_WARN_RANGE_LOOP_ANALYSIS = YES;
				CLANG_WARN_STRICT_PROTOTYPES = YES;
				CLANG_WARN_SUSPICIOUS_MOVE = YES;
				CLANG_WARN_UNREACHABLE_CODE = YES;
				CLANG_WARN__DUPLICATE_METHOD_MATCH = YES;
				ENABLE_STRICT_OBJC_MSGSEND = YES;
				GCC_NO_COMMON_BLOCKS = YES;
				GCC_WARN_64_TO_32_BIT_CONVERSION = YES;
				GCC_WARN_ABOUT_RETURN_TYPE = YES;
				GCC_WARN_UNDECLARED_SELECTOR = YES;
				GCC_WARN_UNINITIALIZED_AUTOS = YES;
				GCC_WARN_UNUSED_FUNCTION = YES;
				GCC_WARN_UNUSED_VARIABLE = YES;
			};
			name = Release;
		};
/* End XCBuildConfiguration section */

/* Begin XCConfigurationList section */
		3A0D041E27188E4100D9474A /* Build configuration list for PBXNativeTarget "ExponentialGrowth" */ = {
			isa = XCConfigurationList;
			buildConfigurations = (
				3A0D041C27188E4100D9474A /* Debug */,
				3A0D041D27188E4100D9474A /* Release */,
			);
			defaultConfigurationIsVisible = 0;
			defaultConfigurationName = Release;
		};
		3A0D04312718E0D000D9474A /* Build configuration list for PBXNativeTarget "ValueProcessing" */ = {
			isa = XCConfigurationList;
			buildConfigurations = (
				3A0D04322718E0D000D9474A /* Debug */,
				3A0D04332718E0D000D9474A /* Release */,
			);
			defaultConfigurationIsVisible = 0;
			defaultConfigurationName = Release;
		};
		3A1AA05025A762F9005FEF1F /* Build configuration list for PBXNativeTarget "SketchesTestground" */ = {
			isa = XCConfigurationList;
			buildConfigurations = (
				3A1AA05125A762F9005FEF1F /* Debug */,
				3A1AA05225A762F9005FEF1F /* Release */,
			);
			defaultConfigurationIsVisible = 0;
			defaultConfigurationName = Release;
		};
		3A949ADE2454621D007E7928 /* Build configuration list for PBXProject "Sketches" */ = {
			isa = XCConfigurationList;
			buildConfigurations = (
				3A949ADF2454621D007E7928 /* Debug */,
				3A949AE02454621D007E7928 /* Release */,
			);
			defaultConfigurationIsVisible = 0;
			defaultConfigurationName = Release;
		};
/* End XCConfigurationList section */
	};
	rootObject = 3A949ADB2454621D007E7928 /* Project object */;
}
